// !$*UTF8*$!
{
	archiveVersion = 1;
	classes = {
	};
	objectVersion = 47;
	objects = {

/* Begin PBXBuildFile section */
		57087F4C1C613DC000FA3ADC /* main.m in Sources */ = {isa = PBXBuildFile; fileRef = 57087F4B1C613DC000FA3ADC /* main.m */; };
		57087F551C613DC000FA3ADC /* Main.storyboard in Resources */ = {isa = PBXBuildFile; fileRef = 57087F531C613DC000FA3ADC /* Main.storyboard */; };
		57087F571C613DC000FA3ADC /* Assets.xcassets in Resources */ = {isa = PBXBuildFile; fileRef = 57087F561C613DC000FA3ADC /* Assets.xcassets */; };
		57087F5A1C613DC000FA3ADC /* LaunchScreen.storyboard in Resources */ = {isa = PBXBuildFile; fileRef = 57087F581C613DC000FA3ADC /* LaunchScreen.storyboard */; };
		57087F651C613DC000FA3ADC /* KickitSpotMobileTests.m in Sources */ = {isa = PBXBuildFile; fileRef = 57087F641C613DC000FA3ADC /* KickitSpotMobileTests.m */; };
		57087F701C613DC000FA3ADC /* KickitSpotMobileUITests.m in Sources */ = {isa = PBXBuildFile; fileRef = 57087F6F1C613DC000FA3ADC /* KickitSpotMobileUITests.m */; };
		6E377E1D1C6FE83D0016BDE9 /* Actor regular.ttf in Resources */ = {isa = PBXBuildFile; fileRef = 6E377DF71C6FE83D0016BDE9 /* Actor regular.ttf */; };
		6E377E1E1C6FE83D0016BDE9 /* Advent Pro 100.ttf in Resources */ = {isa = PBXBuildFile; fileRef = 6E377DF81C6FE83D0016BDE9 /* Advent Pro 100.ttf */; };
		6E377E1F1C6FE83D0016BDE9 /* Advent Pro 200.ttf in Resources */ = {isa = PBXBuildFile; fileRef = 6E377DF91C6FE83D0016BDE9 /* Advent Pro 200.ttf */; };
		6E377E201C6FE83D0016BDE9 /* Advent Pro 300.ttf in Resources */ = {isa = PBXBuildFile; fileRef = 6E377DFA1C6FE83D0016BDE9 /* Advent Pro 300.ttf */; };
		6E377E211C6FE83D0016BDE9 /* Advent Pro 500.ttf in Resources */ = {isa = PBXBuildFile; fileRef = 6E377DFB1C6FE83D0016BDE9 /* Advent Pro 500.ttf */; };
		6E377E221C6FE83D0016BDE9 /* Advent Pro 600.ttf in Resources */ = {isa = PBXBuildFile; fileRef = 6E377DFC1C6FE83D0016BDE9 /* Advent Pro 600.ttf */; };
		6E377E231C6FE83D0016BDE9 /* Advent Pro 700.ttf in Resources */ = {isa = PBXBuildFile; fileRef = 6E377DFD1C6FE83D0016BDE9 /* Advent Pro 700.ttf */; };
		6E377E241C6FE83D0016BDE9 /* Advent Pro regular.ttf in Resources */ = {isa = PBXBuildFile; fileRef = 6E377DFE1C6FE83D0016BDE9 /* Advent Pro regular.ttf */; };
		6E377E251C6FE83D0016BDE9 /* Open Sans 300.ttf in Resources */ = {isa = PBXBuildFile; fileRef = 6E377DFF1C6FE83D0016BDE9 /* Open Sans 300.ttf */; };
		6E377E261C6FE83D0016BDE9 /* Open Sans 300italic.ttf in Resources */ = {isa = PBXBuildFile; fileRef = 6E377E001C6FE83D0016BDE9 /* Open Sans 300italic.ttf */; };
		6E377E271C6FE83D0016BDE9 /* Open Sans 600.ttf in Resources */ = {isa = PBXBuildFile; fileRef = 6E377E011C6FE83D0016BDE9 /* Open Sans 600.ttf */; };
		6E377E281C6FE83D0016BDE9 /* Open Sans 600italic.ttf in Resources */ = {isa = PBXBuildFile; fileRef = 6E377E021C6FE83D0016BDE9 /* Open Sans 600italic.ttf */; };
		6E377E291C6FE83D0016BDE9 /* Open Sans 700.ttf in Resources */ = {isa = PBXBuildFile; fileRef = 6E377E031C6FE83D0016BDE9 /* Open Sans 700.ttf */; };
		6E377E2A1C6FE83D0016BDE9 /* Open Sans 700italic.ttf in Resources */ = {isa = PBXBuildFile; fileRef = 6E377E041C6FE83D0016BDE9 /* Open Sans 700italic.ttf */; };
		6E377E2B1C6FE83D0016BDE9 /* Open Sans 800.ttf in Resources */ = {isa = PBXBuildFile; fileRef = 6E377E051C6FE83D0016BDE9 /* Open Sans 800.ttf */; };
		6E377E2C1C6FE83D0016BDE9 /* Open Sans 800italic.ttf in Resources */ = {isa = PBXBuildFile; fileRef = 6E377E061C6FE83D0016BDE9 /* Open Sans 800italic.ttf */; };
		6E377E2D1C6FE83D0016BDE9 /* Open Sans italic.ttf in Resources */ = {isa = PBXBuildFile; fileRef = 6E377E071C6FE83D0016BDE9 /* Open Sans italic.ttf */; };
		6E377E2E1C6FE83D0016BDE9 /* Open Sans regular.ttf in Resources */ = {isa = PBXBuildFile; fileRef = 6E377E081C6FE83D0016BDE9 /* Open Sans regular.ttf */; };
		6E377E2F1C6FE83D0016BDE9 /* Roboto 100.ttf in Resources */ = {isa = PBXBuildFile; fileRef = 6E377E091C6FE83D0016BDE9 /* Roboto 100.ttf */; };
		6E377E301C6FE83D0016BDE9 /* Roboto 100italic.ttf in Resources */ = {isa = PBXBuildFile; fileRef = 6E377E0A1C6FE83D0016BDE9 /* Roboto 100italic.ttf */; };
		6E377E311C6FE83D0016BDE9 /* Roboto 300.ttf in Resources */ = {isa = PBXBuildFile; fileRef = 6E377E0B1C6FE83D0016BDE9 /* Roboto 300.ttf */; };
		6E377E321C6FE83D0016BDE9 /* Roboto 300italic.ttf in Resources */ = {isa = PBXBuildFile; fileRef = 6E377E0C1C6FE83D0016BDE9 /* Roboto 300italic.ttf */; };
		6E377E331C6FE83D0016BDE9 /* Roboto 500.ttf in Resources */ = {isa = PBXBuildFile; fileRef = 6E377E0D1C6FE83D0016BDE9 /* Roboto 500.ttf */; };
		6E377E341C6FE83D0016BDE9 /* Roboto 500italic.ttf in Resources */ = {isa = PBXBuildFile; fileRef = 6E377E0E1C6FE83D0016BDE9 /* Roboto 500italic.ttf */; };
		6E377E351C6FE83D0016BDE9 /* Roboto 700.ttf in Resources */ = {isa = PBXBuildFile; fileRef = 6E377E0F1C6FE83D0016BDE9 /* Roboto 700.ttf */; };
		6E377E361C6FE83D0016BDE9 /* Roboto 700italic.ttf in Resources */ = {isa = PBXBuildFile; fileRef = 6E377E101C6FE83D0016BDE9 /* Roboto 700italic.ttf */; };
		6E377E371C6FE83D0016BDE9 /* Roboto 900.ttf in Resources */ = {isa = PBXBuildFile; fileRef = 6E377E111C6FE83D0016BDE9 /* Roboto 900.ttf */; };
		6E377E381C6FE83D0016BDE9 /* Roboto 900italic.ttf in Resources */ = {isa = PBXBuildFile; fileRef = 6E377E121C6FE83D0016BDE9 /* Roboto 900italic.ttf */; };
		6E377E391C6FE83D0016BDE9 /* Roboto italic.ttf in Resources */ = {isa = PBXBuildFile; fileRef = 6E377E131C6FE83D0016BDE9 /* Roboto italic.ttf */; };
		6E377E3A1C6FE83D0016BDE9 /* Roboto regular.ttf in Resources */ = {isa = PBXBuildFile; fileRef = 6E377E141C6FE83D0016BDE9 /* Roboto regular.ttf */; };
		6E377E3B1C6FE83D0016BDE9 /* Typo_Round_Bold_Demo.otf in Resources */ = {isa = PBXBuildFile; fileRef = 6E377E151C6FE83D0016BDE9 /* Typo_Round_Bold_Demo.otf */; };
		6E377E3C1C6FE83D0016BDE9 /* Typo_Round_Bold_Italic_Demo.otf in Resources */ = {isa = PBXBuildFile; fileRef = 6E377E161C6FE83D0016BDE9 /* Typo_Round_Bold_Italic_Demo.otf */; };
		6E377E3D1C6FE83D0016BDE9 /* Typo_Round_Italic_Demo.otf in Resources */ = {isa = PBXBuildFile; fileRef = 6E377E171C6FE83D0016BDE9 /* Typo_Round_Italic_Demo.otf */; };
		6E377E3E1C6FE83D0016BDE9 /* Typo_Round_Light_Demo.otf in Resources */ = {isa = PBXBuildFile; fileRef = 6E377E181C6FE83D0016BDE9 /* Typo_Round_Light_Demo.otf */; };
		6E377E3F1C6FE83D0016BDE9 /* Typo_Round_Light_Italic_Demo.otf in Resources */ = {isa = PBXBuildFile; fileRef = 6E377E191C6FE83D0016BDE9 /* Typo_Round_Light_Italic_Demo.otf */; };
		6E377E401C6FE83D0016BDE9 /* Typo_Round_Regular_Demo.otf in Resources */ = {isa = PBXBuildFile; fileRef = 6E377E1A1C6FE83D0016BDE9 /* Typo_Round_Regular_Demo.otf */; };
		6E377E411C6FE83D0016BDE9 /* Typo_Round_Thin_Demo.otf in Resources */ = {isa = PBXBuildFile; fileRef = 6E377E1B1C6FE83D0016BDE9 /* Typo_Round_Thin_Demo.otf */; };
		6E377E421C6FE83D0016BDE9 /* Typo_Round_Thin_Italic Demo.otf in Resources */ = {isa = PBXBuildFile; fileRef = 6E377E1C1C6FE83D0016BDE9 /* Typo_Round_Thin_Italic Demo.otf */; };
		6E377E451C6FE8FF0016BDE9 /* HelperFunctions.m in Sources */ = {isa = PBXBuildFile; fileRef = 6E377E441C6FE8FF0016BDE9 /* HelperFunctions.m */; };
		6E377E651C6FEA8C0016BDE9 /* kColorConstants.m in Sources */ = {isa = PBXBuildFile; fileRef = 6E377E641C6FEA8C0016BDE9 /* kColorConstants.m */; };
		6E377EA81C6FEE110016BDE9 /* AIFlatSwitch.swift in Sources */ = {isa = PBXBuildFile; fileRef = 6E377E711C6FEE110016BDE9 /* AIFlatSwitch.swift */; };
		6E377EA91C6FEE110016BDE9 /* Info.plist in Resources */ = {isa = PBXBuildFile; fileRef = 6E377E721C6FEE110016BDE9 /* Info.plist */; };
		6E377EAC1C6FEE110016BDE9 /* AwesomeMenu.m in Sources */ = {isa = PBXBuildFile; fileRef = 6E377E7B1C6FEE110016BDE9 /* AwesomeMenu.m */; };
		6E377EAD1C6FEE110016BDE9 /* AwesomeMenuItem.m in Sources */ = {isa = PBXBuildFile; fileRef = 6E377E7D1C6FEE110016BDE9 /* AwesomeMenuItem.m */; };
		6E377EAE1C6FEE110016BDE9 /* CKLinkedList.m in Sources */ = {isa = PBXBuildFile; fileRef = 6E377E801C6FEE110016BDE9 /* CKLinkedList.m */; };
		6E377EAF1C6FEE110016BDE9 /* DOFavoriteButton.swift in Sources */ = {isa = PBXBuildFile; fileRef = 6E377E821C6FEE110016BDE9 /* DOFavoriteButton.swift */; };
		6E377EB11C6FEE110016BDE9 /* GCPlaceholderTextView.m in Sources */ = {isa = PBXBuildFile; fileRef = 6E377E881C6FEE110016BDE9 /* GCPlaceholderTextView.m */; };
		6E377EB21C6FEE110016BDE9 /* JFMinimalNotification.m in Sources */ = {isa = PBXBuildFile; fileRef = 6E377E8B1C6FEE110016BDE9 /* JFMinimalNotification.m */; };
		6E377EB31C6FEE110016BDE9 /* JFMinimalNotificationArt.m in Sources */ = {isa = PBXBuildFile; fileRef = 6E377E8D1C6FEE110016BDE9 /* JFMinimalNotificationArt.m */; };
		6E377EB41C6FEE110016BDE9 /* NSInvocation+Constructors.m in Sources */ = {isa = PBXBuildFile; fileRef = 6E377E8F1C6FEE110016BDE9 /* NSInvocation+Constructors.m */; };
		6E377EB51C6FEE110016BDE9 /* UIColor+JFMinimalNotificationColors.m in Sources */ = {isa = PBXBuildFile; fileRef = 6E377E911C6FEE110016BDE9 /* UIColor+JFMinimalNotificationColors.m */; };
		6E377EB61C6FEE110016BDE9 /* UIView+Round.m in Sources */ = {isa = PBXBuildFile; fileRef = 6E377E931C6FEE110016BDE9 /* UIView+Round.m */; };
		6E377EB71C6FEE110016BDE9 /* LTInfiniteScrollView.m in Sources */ = {isa = PBXBuildFile; fileRef = 6E377E961C6FEE110016BDE9 /* LTInfiniteScrollView.m */; };
		6E377EB81C6FEE110016BDE9 /* MSCellAccessory.m in Sources */ = {isa = PBXBuildFile; fileRef = 6E377E991C6FEE110016BDE9 /* MSCellAccessory.m */; };
		6E377EB91C6FEE110016BDE9 /* UIView+AccessViewController.m in Sources */ = {isa = PBXBuildFile; fileRef = 6E377E9B1C6FEE110016BDE9 /* UIView+AccessViewController.m */; };
		6E377EBA1C6FEE110016BDE9 /* NSDate+Utilities.m in Sources */ = {isa = PBXBuildFile; fileRef = 6E377E9E1C6FEE110016BDE9 /* NSDate+Utilities.m */; };
		6E377EBB1C6FEE110016BDE9 /* Reachability.m in Sources */ = {isa = PBXBuildFile; fileRef = 6E377EA11C6FEE110016BDE9 /* Reachability.m */; };
		6E377EBC1C6FEE110016BDE9 /* SLExpandableTableView.m in Sources */ = {isa = PBXBuildFile; fileRef = 6E377EA41C6FEE110016BDE9 /* SLExpandableTableView.m */; };
		6E377EBD1C6FEE110016BDE9 /* UIImage+ImageEffects.m in Sources */ = {isa = PBXBuildFile; fileRef = 6E377EA71C6FEE110016BDE9 /* UIImage+ImageEffects.m */; };
		6E8C96731C715101004615DD /* SettingsViewController.m in Sources */ = {isa = PBXBuildFile; fileRef = 6E8C96721C715101004615DD /* SettingsViewController.m */; };
		6E8C96761C715131004615DD /* SubscribedSpotViewController.m in Sources */ = {isa = PBXBuildFile; fileRef = 6E8C96751C715131004615DD /* SubscribedSpotViewController.m */; };
		6E8C96791C7151CD004615DD /* KITabBarItem.m in Sources */ = {isa = PBXBuildFile; fileRef = 6E8C96781C7151CD004615DD /* KITabBarItem.m */; };
		6EBEF1721C68035D00D2EF22 /* AppDelegate.m in Sources */ = {isa = PBXBuildFile; fileRef = 6EBEF1711C68035D00D2EF22 /* AppDelegate.m */; };
		6EBEF1751C68036C00D2EF22 /* SignInView.m in Sources */ = {isa = PBXBuildFile; fileRef = 6EBEF1741C68036C00D2EF22 /* SignInView.m */; };
		6EBEF17A1C68037A00D2EF22 /* MainPageViewController.m in Sources */ = {isa = PBXBuildFile; fileRef = 6EBEF1771C68037A00D2EF22 /* MainPageViewController.m */; };
		6EBEF17E1C68039000D2EF22 /* BackendFunctions.m in Sources */ = {isa = PBXBuildFile; fileRef = 6EBEF17D1C68039000D2EF22 /* BackendFunctions.m */; };
		6EBEF1821C680B5100D2EF22 /* RootViewController.m in Sources */ = {isa = PBXBuildFile; fileRef = 6EBEF1811C680B5100D2EF22 /* RootViewController.m */; };
		6EBEF1861C680F8900D2EF22 /* AudioToolbox.framework in Frameworks */ = {isa = PBXBuildFile; fileRef = 6EBEF1851C680F8900D2EF22 /* AudioToolbox.framework */; };
		6EBEF1881C680F9000D2EF22 /* CFNetwork.framework in Frameworks */ = {isa = PBXBuildFile; fileRef = 6EBEF1871C680F9000D2EF22 /* CFNetwork.framework */; };
		6EBEF18A1C680F9A00D2EF22 /* CoreGraphics.framework in Frameworks */ = {isa = PBXBuildFile; fileRef = 6EBEF1891C680F9A00D2EF22 /* CoreGraphics.framework */; };
		6EBEF18C1C680FA300D2EF22 /* CoreLocation.framework in Frameworks */ = {isa = PBXBuildFile; fileRef = 6EBEF18B1C680FA300D2EF22 /* CoreLocation.framework */; };
		6EBEF18E1C680FAB00D2EF22 /* QuartzCore.framework in Frameworks */ = {isa = PBXBuildFile; fileRef = 6EBEF18D1C680FAB00D2EF22 /* QuartzCore.framework */; };
		6EBEF1901C680FB300D2EF22 /* Security.framework in Frameworks */ = {isa = PBXBuildFile; fileRef = 6EBEF18F1C680FB300D2EF22 /* Security.framework */; };
		6EBEF1921C680FBE00D2EF22 /* StoreKit.framework in Frameworks */ = {isa = PBXBuildFile; fileRef = 6EBEF1911C680FBE00D2EF22 /* StoreKit.framework */; };
		6EBEF1941C680FC600D2EF22 /* SystemConfiguration.framework in Frameworks */ = {isa = PBXBuildFile; fileRef = 6EBEF1931C680FC600D2EF22 /* SystemConfiguration.framework */; };
		6EBEF1961C680FCD00D2EF22 /* libz.tbd in Frameworks */ = {isa = PBXBuildFile; fileRef = 6EBEF1951C680FCD00D2EF22 /* libz.tbd */; };
		6EBEF1981C680FD700D2EF22 /* libsqlite3.tbd in Frameworks */ = {isa = PBXBuildFile; fileRef = 6EBEF1971C680FD700D2EF22 /* libsqlite3.tbd */; };
		6EBEF1A21C6810A600D2EF22 /* KITabBarController.m in Sources */ = {isa = PBXBuildFile; fileRef = 6EBEF1A11C6810A600D2EF22 /* KITabBarController.m */; };
		9AC6F5BAD70C505989279C2C /* libPods-KickitSpot.a in Frameworks */ = {isa = PBXBuildFile; fileRef = 4421333BC3BB3C6339CD7BD4 /* libPods-KickitSpot.a */; };
/* End PBXBuildFile section */

/* Begin PBXContainerItemProxy section */
		57087F611C613DC000FA3ADC /* PBXContainerItemProxy */ = {
			isa = PBXContainerItemProxy;
			containerPortal = 57087F3F1C613DC000FA3ADC /* Project object */;
			proxyType = 1;
			remoteGlobalIDString = 57087F461C613DC000FA3ADC;
			remoteInfo = KickitSpotMobile;
		};
		57087F6C1C613DC000FA3ADC /* PBXContainerItemProxy */ = {
			isa = PBXContainerItemProxy;
			containerPortal = 57087F3F1C613DC000FA3ADC /* Project object */;
			proxyType = 1;
			remoteGlobalIDString = 57087F461C613DC000FA3ADC;
			remoteInfo = KickitSpotMobile;
		};
/* End PBXContainerItemProxy section */

/* Begin PBXFileReference section */
		218AAC6CD709B16A533B4E65 /* Pods-KickitSpotMobile.release.xcconfig */ = {isa = PBXFileReference; includeInIndex = 1; lastKnownFileType = text.xcconfig; name = "Pods-KickitSpotMobile.release.xcconfig"; path = "Pods/Target Support Files/Pods-KickitSpotMobile/Pods-KickitSpotMobile.release.xcconfig"; sourceTree = "<group>"; };
		42D1B3F61542516C6145DE60 /* Pods-KickitSpot.release.xcconfig */ = {isa = PBXFileReference; includeInIndex = 1; lastKnownFileType = text.xcconfig; name = "Pods-KickitSpot.release.xcconfig"; path = "Pods/Target Support Files/Pods-KickitSpot/Pods-KickitSpot.release.xcconfig"; sourceTree = "<group>"; };
		4421333BC3BB3C6339CD7BD4 /* libPods-KickitSpot.a */ = {isa = PBXFileReference; explicitFileType = archive.ar; includeInIndex = 0; path = "libPods-KickitSpot.a"; sourceTree = BUILT_PRODUCTS_DIR; };
		57087F471C613DC000FA3ADC /* KickitSpot.app */ = {isa = PBXFileReference; explicitFileType = wrapper.application; includeInIndex = 0; path = KickitSpot.app; sourceTree = BUILT_PRODUCTS_DIR; };
		57087F4B1C613DC000FA3ADC /* main.m */ = {isa = PBXFileReference; lastKnownFileType = sourcecode.c.objc; path = main.m; sourceTree = "<group>"; };
		57087F541C613DC000FA3ADC /* Base */ = {isa = PBXFileReference; lastKnownFileType = file.storyboard; name = Base; path = Base.lproj/Main.storyboard; sourceTree = "<group>"; };
		57087F561C613DC000FA3ADC /* Assets.xcassets */ = {isa = PBXFileReference; lastKnownFileType = folder.assetcatalog; path = Assets.xcassets; sourceTree = "<group>"; };
		57087F591C613DC000FA3ADC /* Base */ = {isa = PBXFileReference; lastKnownFileType = file.storyboard; name = Base; path = Base.lproj/LaunchScreen.storyboard; sourceTree = "<group>"; };
		57087F5B1C613DC000FA3ADC /* Info.plist */ = {isa = PBXFileReference; lastKnownFileType = text.plist.xml; path = Info.plist; sourceTree = "<group>"; };
		57087F601C613DC000FA3ADC /* KickitSpot.xctest */ = {isa = PBXFileReference; explicitFileType = wrapper.cfbundle; includeInIndex = 0; path = KickitSpot.xctest; sourceTree = BUILT_PRODUCTS_DIR; };
		57087F641C613DC000FA3ADC /* KickitSpotMobileTests.m */ = {isa = PBXFileReference; lastKnownFileType = sourcecode.c.objc; path = KickitSpotMobileTests.m; sourceTree = "<group>"; };
		57087F661C613DC000FA3ADC /* Info.plist */ = {isa = PBXFileReference; lastKnownFileType = text.plist.xml; path = Info.plist; sourceTree = "<group>"; };
		57087F6B1C613DC000FA3ADC /* KickitSpot.xctest */ = {isa = PBXFileReference; explicitFileType = wrapper.cfbundle; includeInIndex = 0; path = KickitSpot.xctest; sourceTree = BUILT_PRODUCTS_DIR; };
		57087F6F1C613DC000FA3ADC /* KickitSpotMobileUITests.m */ = {isa = PBXFileReference; lastKnownFileType = sourcecode.c.objc; path = KickitSpotMobileUITests.m; sourceTree = "<group>"; };
		57087F711C613DC000FA3ADC /* Info.plist */ = {isa = PBXFileReference; lastKnownFileType = text.plist.xml; path = Info.plist; sourceTree = "<group>"; };
		602BF4178C62AA0AEDA00EB1 /* Pods-KickitSpot.debug.xcconfig */ = {isa = PBXFileReference; includeInIndex = 1; lastKnownFileType = text.xcconfig; name = "Pods-KickitSpot.debug.xcconfig"; path = "Pods/Target Support Files/Pods-KickitSpot/Pods-KickitSpot.debug.xcconfig"; sourceTree = "<group>"; };
		6C1E430C9D9D56069D144663 /* Pods-KickitSpotMobile.debug.xcconfig */ = {isa = PBXFileReference; includeInIndex = 1; lastKnownFileType = text.xcconfig; name = "Pods-KickitSpotMobile.debug.xcconfig"; path = "Pods/Target Support Files/Pods-KickitSpotMobile/Pods-KickitSpotMobile.debug.xcconfig"; sourceTree = "<group>"; };
		6E377DF71C6FE83D0016BDE9 /* Actor regular.ttf */ = {isa = PBXFileReference; lastKnownFileType = file; name = "Actor regular.ttf"; path = "fonts/Actor regular.ttf"; sourceTree = "<group>"; };
		6E377DF81C6FE83D0016BDE9 /* Advent Pro 100.ttf */ = {isa = PBXFileReference; lastKnownFileType = file; name = "Advent Pro 100.ttf"; path = "fonts/Advent Pro 100.ttf"; sourceTree = "<group>"; };
		6E377DF91C6FE83D0016BDE9 /* Advent Pro 200.ttf */ = {isa = PBXFileReference; lastKnownFileType = file; name = "Advent Pro 200.ttf"; path = "fonts/Advent Pro 200.ttf"; sourceTree = "<group>"; };
		6E377DFA1C6FE83D0016BDE9 /* Advent Pro 300.ttf */ = {isa = PBXFileReference; lastKnownFileType = file; name = "Advent Pro 300.ttf"; path = "fonts/Advent Pro 300.ttf"; sourceTree = "<group>"; };
		6E377DFB1C6FE83D0016BDE9 /* Advent Pro 500.ttf */ = {isa = PBXFileReference; lastKnownFileType = file; name = "Advent Pro 500.ttf"; path = "fonts/Advent Pro 500.ttf"; sourceTree = "<group>"; };
		6E377DFC1C6FE83D0016BDE9 /* Advent Pro 600.ttf */ = {isa = PBXFileReference; lastKnownFileType = file; name = "Advent Pro 600.ttf"; path = "fonts/Advent Pro 600.ttf"; sourceTree = "<group>"; };
		6E377DFD1C6FE83D0016BDE9 /* Advent Pro 700.ttf */ = {isa = PBXFileReference; lastKnownFileType = file; name = "Advent Pro 700.ttf"; path = "fonts/Advent Pro 700.ttf"; sourceTree = "<group>"; };
		6E377DFE1C6FE83D0016BDE9 /* Advent Pro regular.ttf */ = {isa = PBXFileReference; lastKnownFileType = file; name = "Advent Pro regular.ttf"; path = "fonts/Advent Pro regular.ttf"; sourceTree = "<group>"; };
		6E377DFF1C6FE83D0016BDE9 /* Open Sans 300.ttf */ = {isa = PBXFileReference; lastKnownFileType = file; name = "Open Sans 300.ttf"; path = "fonts/Open Sans 300.ttf"; sourceTree = "<group>"; };
		6E377E001C6FE83D0016BDE9 /* Open Sans 300italic.ttf */ = {isa = PBXFileReference; lastKnownFileType = file; name = "Open Sans 300italic.ttf"; path = "fonts/Open Sans 300italic.ttf"; sourceTree = "<group>"; };
		6E377E011C6FE83D0016BDE9 /* Open Sans 600.ttf */ = {isa = PBXFileReference; lastKnownFileType = file; name = "Open Sans 600.ttf"; path = "fonts/Open Sans 600.ttf"; sourceTree = "<group>"; };
		6E377E021C6FE83D0016BDE9 /* Open Sans 600italic.ttf */ = {isa = PBXFileReference; lastKnownFileType = file; name = "Open Sans 600italic.ttf"; path = "fonts/Open Sans 600italic.ttf"; sourceTree = "<group>"; };
		6E377E031C6FE83D0016BDE9 /* Open Sans 700.ttf */ = {isa = PBXFileReference; lastKnownFileType = file; name = "Open Sans 700.ttf"; path = "fonts/Open Sans 700.ttf"; sourceTree = "<group>"; };
		6E377E041C6FE83D0016BDE9 /* Open Sans 700italic.ttf */ = {isa = PBXFileReference; lastKnownFileType = file; name = "Open Sans 700italic.ttf"; path = "fonts/Open Sans 700italic.ttf"; sourceTree = "<group>"; };
		6E377E051C6FE83D0016BDE9 /* Open Sans 800.ttf */ = {isa = PBXFileReference; lastKnownFileType = file; name = "Open Sans 800.ttf"; path = "fonts/Open Sans 800.ttf"; sourceTree = "<group>"; };
		6E377E061C6FE83D0016BDE9 /* Open Sans 800italic.ttf */ = {isa = PBXFileReference; lastKnownFileType = file; name = "Open Sans 800italic.ttf"; path = "fonts/Open Sans 800italic.ttf"; sourceTree = "<group>"; };
		6E377E071C6FE83D0016BDE9 /* Open Sans italic.ttf */ = {isa = PBXFileReference; lastKnownFileType = file; name = "Open Sans italic.ttf"; path = "fonts/Open Sans italic.ttf"; sourceTree = "<group>"; };
		6E377E081C6FE83D0016BDE9 /* Open Sans regular.ttf */ = {isa = PBXFileReference; lastKnownFileType = file; name = "Open Sans regular.ttf"; path = "fonts/Open Sans regular.ttf"; sourceTree = "<group>"; };
		6E377E091C6FE83D0016BDE9 /* Roboto 100.ttf */ = {isa = PBXFileReference; lastKnownFileType = file; name = "Roboto 100.ttf"; path = "fonts/Roboto 100.ttf"; sourceTree = "<group>"; };
		6E377E0A1C6FE83D0016BDE9 /* Roboto 100italic.ttf */ = {isa = PBXFileReference; lastKnownFileType = file; name = "Roboto 100italic.ttf"; path = "fonts/Roboto 100italic.ttf"; sourceTree = "<group>"; };
		6E377E0B1C6FE83D0016BDE9 /* Roboto 300.ttf */ = {isa = PBXFileReference; lastKnownFileType = file; name = "Roboto 300.ttf"; path = "fonts/Roboto 300.ttf"; sourceTree = "<group>"; };
		6E377E0C1C6FE83D0016BDE9 /* Roboto 300italic.ttf */ = {isa = PBXFileReference; lastKnownFileType = file; name = "Roboto 300italic.ttf"; path = "fonts/Roboto 300italic.ttf"; sourceTree = "<group>"; };
		6E377E0D1C6FE83D0016BDE9 /* Roboto 500.ttf */ = {isa = PBXFileReference; lastKnownFileType = file; name = "Roboto 500.ttf"; path = "fonts/Roboto 500.ttf"; sourceTree = "<group>"; };
		6E377E0E1C6FE83D0016BDE9 /* Roboto 500italic.ttf */ = {isa = PBXFileReference; lastKnownFileType = file; name = "Roboto 500italic.ttf"; path = "fonts/Roboto 500italic.ttf"; sourceTree = "<group>"; };
		6E377E0F1C6FE83D0016BDE9 /* Roboto 700.ttf */ = {isa = PBXFileReference; lastKnownFileType = file; name = "Roboto 700.ttf"; path = "fonts/Roboto 700.ttf"; sourceTree = "<group>"; };
		6E377E101C6FE83D0016BDE9 /* Roboto 700italic.ttf */ = {isa = PBXFileReference; lastKnownFileType = file; name = "Roboto 700italic.ttf"; path = "fonts/Roboto 700italic.ttf"; sourceTree = "<group>"; };
		6E377E111C6FE83D0016BDE9 /* Roboto 900.ttf */ = {isa = PBXFileReference; lastKnownFileType = file; name = "Roboto 900.ttf"; path = "fonts/Roboto 900.ttf"; sourceTree = "<group>"; };
		6E377E121C6FE83D0016BDE9 /* Roboto 900italic.ttf */ = {isa = PBXFileReference; lastKnownFileType = file; name = "Roboto 900italic.ttf"; path = "fonts/Roboto 900italic.ttf"; sourceTree = "<group>"; };
		6E377E131C6FE83D0016BDE9 /* Roboto italic.ttf */ = {isa = PBXFileReference; lastKnownFileType = file; name = "Roboto italic.ttf"; path = "fonts/Roboto italic.ttf"; sourceTree = "<group>"; };
		6E377E141C6FE83D0016BDE9 /* Roboto regular.ttf */ = {isa = PBXFileReference; lastKnownFileType = file; name = "Roboto regular.ttf"; path = "fonts/Roboto regular.ttf"; sourceTree = "<group>"; };
		6E377E151C6FE83D0016BDE9 /* Typo_Round_Bold_Demo.otf */ = {isa = PBXFileReference; lastKnownFileType = file; name = Typo_Round_Bold_Demo.otf; path = fonts/Typo_Round_Bold_Demo.otf; sourceTree = "<group>"; };
		6E377E161C6FE83D0016BDE9 /* Typo_Round_Bold_Italic_Demo.otf */ = {isa = PBXFileReference; lastKnownFileType = file; name = Typo_Round_Bold_Italic_Demo.otf; path = fonts/Typo_Round_Bold_Italic_Demo.otf; sourceTree = "<group>"; };
		6E377E171C6FE83D0016BDE9 /* Typo_Round_Italic_Demo.otf */ = {isa = PBXFileReference; lastKnownFileType = file; name = Typo_Round_Italic_Demo.otf; path = fonts/Typo_Round_Italic_Demo.otf; sourceTree = "<group>"; };
		6E377E181C6FE83D0016BDE9 /* Typo_Round_Light_Demo.otf */ = {isa = PBXFileReference; lastKnownFileType = file; name = Typo_Round_Light_Demo.otf; path = fonts/Typo_Round_Light_Demo.otf; sourceTree = "<group>"; };
		6E377E191C6FE83D0016BDE9 /* Typo_Round_Light_Italic_Demo.otf */ = {isa = PBXFileReference; lastKnownFileType = file; name = Typo_Round_Light_Italic_Demo.otf; path = fonts/Typo_Round_Light_Italic_Demo.otf; sourceTree = "<group>"; };
		6E377E1A1C6FE83D0016BDE9 /* Typo_Round_Regular_Demo.otf */ = {isa = PBXFileReference; lastKnownFileType = file; name = Typo_Round_Regular_Demo.otf; path = fonts/Typo_Round_Regular_Demo.otf; sourceTree = "<group>"; };
		6E377E1B1C6FE83D0016BDE9 /* Typo_Round_Thin_Demo.otf */ = {isa = PBXFileReference; lastKnownFileType = file; name = Typo_Round_Thin_Demo.otf; path = fonts/Typo_Round_Thin_Demo.otf; sourceTree = "<group>"; };
		6E377E1C1C6FE83D0016BDE9 /* Typo_Round_Thin_Italic Demo.otf */ = {isa = PBXFileReference; lastKnownFileType = file; name = "Typo_Round_Thin_Italic Demo.otf"; path = "fonts/Typo_Round_Thin_Italic Demo.otf"; sourceTree = "<group>"; };
		6E377E431C6FE8F90016BDE9 /* HelperFunctions.h */ = {isa = PBXFileReference; lastKnownFileType = sourcecode.c.h; name = HelperFunctions.h; path = HelperFiles/HelperFunctions.h; sourceTree = "<group>"; };
		6E377E441C6FE8FF0016BDE9 /* HelperFunctions.m */ = {isa = PBXFileReference; fileEncoding = 4; lastKnownFileType = sourcecode.c.objc; name = HelperFunctions.m; path = HelperFiles/HelperFunctions.m; sourceTree = "<group>"; };
		6E377E631C6FEA8C0016BDE9 /* kColorConstants.h */ = {isa = PBXFileReference; fileEncoding = 4; lastKnownFileType = sourcecode.c.h; name = kColorConstants.h; path = HelperFiles/kColorConstants.h; sourceTree = "<group>"; };
		6E377E641C6FEA8C0016BDE9 /* kColorConstants.m */ = {isa = PBXFileReference; fileEncoding = 4; lastKnownFileType = sourcecode.c.objc; name = kColorConstants.m; path = HelperFiles/kColorConstants.m; sourceTree = "<group>"; };
		6E377E701C6FEE110016BDE9 /* AIFlatSwitch.h */ = {isa = PBXFileReference; fileEncoding = 4; lastKnownFileType = sourcecode.c.h; path = AIFlatSwitch.h; sourceTree = "<group>"; };
		6E377E711C6FEE110016BDE9 /* AIFlatSwitch.swift */ = {isa = PBXFileReference; fileEncoding = 4; lastKnownFileType = sourcecode.swift; path = AIFlatSwitch.swift; sourceTree = "<group>"; };
		6E377E721C6FEE110016BDE9 /* Info.plist */ = {isa = PBXFileReference; fileEncoding = 4; lastKnownFileType = text.plist.xml; path = Info.plist; sourceTree = "<group>"; };
		6E377E7A1C6FEE110016BDE9 /* AwesomeMenu.h */ = {isa = PBXFileReference; fileEncoding = 4; lastKnownFileType = sourcecode.c.h; path = AwesomeMenu.h; sourceTree = "<group>"; };
		6E377E7B1C6FEE110016BDE9 /* AwesomeMenu.m */ = {isa = PBXFileReference; fileEncoding = 4; lastKnownFileType = sourcecode.c.objc; path = AwesomeMenu.m; sourceTree = "<group>"; };
		6E377E7C1C6FEE110016BDE9 /* AwesomeMenuItem.h */ = {isa = PBXFileReference; fileEncoding = 4; lastKnownFileType = sourcecode.c.h; path = AwesomeMenuItem.h; sourceTree = "<group>"; };
		6E377E7D1C6FEE110016BDE9 /* AwesomeMenuItem.m */ = {isa = PBXFileReference; fileEncoding = 4; lastKnownFileType = sourcecode.c.objc; path = AwesomeMenuItem.m; sourceTree = "<group>"; };
		6E377E7F1C6FEE110016BDE9 /* CKLinkedList.h */ = {isa = PBXFileReference; fileEncoding = 4; lastKnownFileType = sourcecode.c.h; path = CKLinkedList.h; sourceTree = "<group>"; };
		6E377E801C6FEE110016BDE9 /* CKLinkedList.m */ = {isa = PBXFileReference; fileEncoding = 4; lastKnownFileType = sourcecode.c.objc; path = CKLinkedList.m; sourceTree = "<group>"; };
		6E377E821C6FEE110016BDE9 /* DOFavoriteButton.swift */ = {isa = PBXFileReference; fileEncoding = 4; lastKnownFileType = sourcecode.swift; path = DOFavoriteButton.swift; sourceTree = "<group>"; };
		6E377E871C6FEE110016BDE9 /* GCPlaceholderTextView.h */ = {isa = PBXFileReference; fileEncoding = 4; lastKnownFileType = sourcecode.c.h; path = GCPlaceholderTextView.h; sourceTree = "<group>"; };
		6E377E881C6FEE110016BDE9 /* GCPlaceholderTextView.m */ = {isa = PBXFileReference; fileEncoding = 4; lastKnownFileType = sourcecode.c.objc; path = GCPlaceholderTextView.m; sourceTree = "<group>"; };
		6E377E8A1C6FEE110016BDE9 /* JFMinimalNotification.h */ = {isa = PBXFileReference; fileEncoding = 4; lastKnownFileType = sourcecode.c.h; path = JFMinimalNotification.h; sourceTree = "<group>"; };
		6E377E8B1C6FEE110016BDE9 /* JFMinimalNotification.m */ = {isa = PBXFileReference; fileEncoding = 4; lastKnownFileType = sourcecode.c.objc; path = JFMinimalNotification.m; sourceTree = "<group>"; };
		6E377E8C1C6FEE110016BDE9 /* JFMinimalNotificationArt.h */ = {isa = PBXFileReference; fileEncoding = 4; lastKnownFileType = sourcecode.c.h; path = JFMinimalNotificationArt.h; sourceTree = "<group>"; };
		6E377E8D1C6FEE110016BDE9 /* JFMinimalNotificationArt.m */ = {isa = PBXFileReference; fileEncoding = 4; lastKnownFileType = sourcecode.c.objc; path = JFMinimalNotificationArt.m; sourceTree = "<group>"; };
		6E377E8E1C6FEE110016BDE9 /* NSInvocation+Constructors.h */ = {isa = PBXFileReference; fileEncoding = 4; lastKnownFileType = sourcecode.c.h; path = "NSInvocation+Constructors.h"; sourceTree = "<group>"; };
		6E377E8F1C6FEE110016BDE9 /* NSInvocation+Constructors.m */ = {isa = PBXFileReference; fileEncoding = 4; lastKnownFileType = sourcecode.c.objc; path = "NSInvocation+Constructors.m"; sourceTree = "<group>"; };
		6E377E901C6FEE110016BDE9 /* UIColor+JFMinimalNotificationColors.h */ = {isa = PBXFileReference; fileEncoding = 4; lastKnownFileType = sourcecode.c.h; path = "UIColor+JFMinimalNotificationColors.h"; sourceTree = "<group>"; };
		6E377E911C6FEE110016BDE9 /* UIColor+JFMinimalNotificationColors.m */ = {isa = PBXFileReference; fileEncoding = 4; lastKnownFileType = sourcecode.c.objc; path = "UIColor+JFMinimalNotificationColors.m"; sourceTree = "<group>"; };
		6E377E921C6FEE110016BDE9 /* UIView+Round.h */ = {isa = PBXFileReference; fileEncoding = 4; lastKnownFileType = sourcecode.c.h; path = "UIView+Round.h"; sourceTree = "<group>"; };
		6E377E931C6FEE110016BDE9 /* UIView+Round.m */ = {isa = PBXFileReference; fileEncoding = 4; lastKnownFileType = sourcecode.c.objc; path = "UIView+Round.m"; sourceTree = "<group>"; };
		6E377E951C6FEE110016BDE9 /* LTInfiniteScrollView.h */ = {isa = PBXFileReference; fileEncoding = 4; lastKnownFileType = sourcecode.c.h; path = LTInfiniteScrollView.h; sourceTree = "<group>"; };
		6E377E961C6FEE110016BDE9 /* LTInfiniteScrollView.m */ = {isa = PBXFileReference; fileEncoding = 4; lastKnownFileType = sourcecode.c.objc; path = LTInfiniteScrollView.m; sourceTree = "<group>"; };
		6E377E981C6FEE110016BDE9 /* MSCellAccessory.h */ = {isa = PBXFileReference; fileEncoding = 4; lastKnownFileType = sourcecode.c.h; path = MSCellAccessory.h; sourceTree = "<group>"; };
		6E377E991C6FEE110016BDE9 /* MSCellAccessory.m */ = {isa = PBXFileReference; fileEncoding = 4; lastKnownFileType = sourcecode.c.objc; path = MSCellAccessory.m; sourceTree = "<group>"; };
		6E377E9A1C6FEE110016BDE9 /* UIView+AccessViewController.h */ = {isa = PBXFileReference; fileEncoding = 4; lastKnownFileType = sourcecode.c.h; path = "UIView+AccessViewController.h"; sourceTree = "<group>"; };
		6E377E9B1C6FEE110016BDE9 /* UIView+AccessViewController.m */ = {isa = PBXFileReference; fileEncoding = 4; lastKnownFileType = sourcecode.c.objc; path = "UIView+AccessViewController.m"; sourceTree = "<group>"; };
		6E377E9D1C6FEE110016BDE9 /* NSDate+Utilities.h */ = {isa = PBXFileReference; fileEncoding = 4; lastKnownFileType = sourcecode.c.h; path = "NSDate+Utilities.h"; sourceTree = "<group>"; };
		6E377E9E1C6FEE110016BDE9 /* NSDate+Utilities.m */ = {isa = PBXFileReference; fileEncoding = 4; lastKnownFileType = sourcecode.c.objc; path = "NSDate+Utilities.m"; sourceTree = "<group>"; };
		6E377EA01C6FEE110016BDE9 /* Reachability.h */ = {isa = PBXFileReference; fileEncoding = 4; lastKnownFileType = sourcecode.c.h; path = Reachability.h; sourceTree = "<group>"; };
		6E377EA11C6FEE110016BDE9 /* Reachability.m */ = {isa = PBXFileReference; fileEncoding = 4; lastKnownFileType = sourcecode.c.objc; path = Reachability.m; sourceTree = "<group>"; };
		6E377EA31C6FEE110016BDE9 /* SLExpandableTableView.h */ = {isa = PBXFileReference; fileEncoding = 4; lastKnownFileType = sourcecode.c.h; path = SLExpandableTableView.h; sourceTree = "<group>"; };
		6E377EA41C6FEE110016BDE9 /* SLExpandableTableView.m */ = {isa = PBXFileReference; fileEncoding = 4; lastKnownFileType = sourcecode.c.objc; path = SLExpandableTableView.m; sourceTree = "<group>"; };
		6E377EA61C6FEE110016BDE9 /* UIImage+ImageEffects.h */ = {isa = PBXFileReference; fileEncoding = 4; lastKnownFileType = sourcecode.c.h; path = "UIImage+ImageEffects.h"; sourceTree = "<group>"; };
		6E377EA71C6FEE110016BDE9 /* UIImage+ImageEffects.m */ = {isa = PBXFileReference; fileEncoding = 4; lastKnownFileType = sourcecode.c.objc; path = "UIImage+ImageEffects.m"; sourceTree = "<group>"; };
		6E8C96711C715101004615DD /* SettingsViewController.h */ = {isa = PBXFileReference; fileEncoding = 4; lastKnownFileType = sourcecode.c.h; name = SettingsViewController.h; path = ViewControllers/SettingsViewController.h; sourceTree = "<group>"; };
		6E8C96721C715101004615DD /* SettingsViewController.m */ = {isa = PBXFileReference; fileEncoding = 4; lastKnownFileType = sourcecode.c.objc; name = SettingsViewController.m; path = ViewControllers/SettingsViewController.m; sourceTree = "<group>"; };
		6E8C96741C715131004615DD /* SubscribedSpotViewController.h */ = {isa = PBXFileReference; fileEncoding = 4; lastKnownFileType = sourcecode.c.h; name = SubscribedSpotViewController.h; path = ViewControllers/SubscribedSpotViewController.h; sourceTree = "<group>"; };
		6E8C96751C715131004615DD /* SubscribedSpotViewController.m */ = {isa = PBXFileReference; fileEncoding = 4; lastKnownFileType = sourcecode.c.objc; name = SubscribedSpotViewController.m; path = ViewControllers/SubscribedSpotViewController.m; sourceTree = "<group>"; };
		6E8C96771C7151CD004615DD /* KITabBarItem.h */ = {isa = PBXFileReference; fileEncoding = 4; lastKnownFileType = sourcecode.c.h; name = KITabBarItem.h; path = ViewControllers/KITabBarController/KITabBarItem.h; sourceTree = "<group>"; };
		6E8C96781C7151CD004615DD /* KITabBarItem.m */ = {isa = PBXFileReference; fileEncoding = 4; lastKnownFileType = sourcecode.c.objc; name = KITabBarItem.m; path = ViewControllers/KITabBarController/KITabBarItem.m; sourceTree = "<group>"; };
		6E8C967A1C715587004615DD /* kAppSettingsConstants.h */ = {isa = PBXFileReference; lastKnownFileType = sourcecode.c.h; path = kAppSettingsConstants.h; sourceTree = "<group>"; };
		6E8C967B1C715711004615DD /* kBackendConstants.h */ = {isa = PBXFileReference; lastKnownFileType = sourcecode.c.h; path = kBackendConstants.h; sourceTree = "<group>"; };
		6EB3F7EA1C82B24E009A1DD7 /* kStringConstants.h */ = {isa = PBXFileReference; lastKnownFileType = sourcecode.c.h; path = kStringConstants.h; sourceTree = "<group>"; };
		6EBEF1701C68035D00D2EF22 /* AppDelegate.h */ = {isa = PBXFileReference; fileEncoding = 4; lastKnownFileType = sourcecode.c.h; name = AppDelegate.h; path = AppDelegate/AppDelegate.h; sourceTree = "<group>"; };
		6EBEF1711C68035D00D2EF22 /* AppDelegate.m */ = {isa = PBXFileReference; fileEncoding = 4; lastKnownFileType = sourcecode.c.objc; name = AppDelegate.m; path = AppDelegate/AppDelegate.m; sourceTree = "<group>"; };
		6EBEF1731C68036C00D2EF22 /* SignInView.h */ = {isa = PBXFileReference; fileEncoding = 4; lastKnownFileType = sourcecode.c.h; name = SignInView.h; path = Subviews/SignInView.h; sourceTree = "<group>"; };
		6EBEF1741C68036C00D2EF22 /* SignInView.m */ = {isa = PBXFileReference; fileEncoding = 4; lastKnownFileType = sourcecode.c.objc; name = SignInView.m; path = Subviews/SignInView.m; sourceTree = "<group>"; };
		6EBEF1761C68037A00D2EF22 /* MainPageViewController.h */ = {isa = PBXFileReference; fileEncoding = 4; lastKnownFileType = sourcecode.c.h; name = MainPageViewController.h; path = ViewControllers/MainPageViewController.h; sourceTree = "<group>"; };
		6EBEF1771C68037A00D2EF22 /* MainPageViewController.m */ = {isa = PBXFileReference; fileEncoding = 4; lastKnownFileType = sourcecode.c.objc; name = MainPageViewController.m; path = ViewControllers/MainPageViewController.m; sourceTree = "<group>"; };
		6EBEF17C1C68039000D2EF22 /* BackendFunctions.h */ = {isa = PBXFileReference; fileEncoding = 4; lastKnownFileType = sourcecode.c.h; name = BackendFunctions.h; path = HelperFiles/BackendFunctions.h; sourceTree = "<group>"; };
		6EBEF17D1C68039000D2EF22 /* BackendFunctions.m */ = {isa = PBXFileReference; fileEncoding = 4; lastKnownFileType = sourcecode.c.objc; name = BackendFunctions.m; path = HelperFiles/BackendFunctions.m; sourceTree = "<group>"; };
		6EBEF17F1C6803AE00D2EF22 /* kConstants.h */ = {isa = PBXFileReference; fileEncoding = 4; lastKnownFileType = sourcecode.c.h; name = kConstants.h; path = HelperFiles/kConstants.h; sourceTree = "<group>"; };
		6EBEF1801C680B5100D2EF22 /* RootViewController.h */ = {isa = PBXFileReference; fileEncoding = 4; lastKnownFileType = sourcecode.c.h; name = RootViewController.h; path = RootViewController/RootViewController.h; sourceTree = "<group>"; };
		6EBEF1811C680B5100D2EF22 /* RootViewController.m */ = {isa = PBXFileReference; fileEncoding = 4; lastKnownFileType = sourcecode.c.objc; name = RootViewController.m; path = RootViewController/RootViewController.m; sourceTree = "<group>"; };
		6EBEF1851C680F8900D2EF22 /* AudioToolbox.framework */ = {isa = PBXFileReference; lastKnownFileType = wrapper.framework; name = AudioToolbox.framework; path = System/Library/Frameworks/AudioToolbox.framework; sourceTree = SDKROOT; };
		6EBEF1871C680F9000D2EF22 /* CFNetwork.framework */ = {isa = PBXFileReference; lastKnownFileType = wrapper.framework; name = CFNetwork.framework; path = System/Library/Frameworks/CFNetwork.framework; sourceTree = SDKROOT; };
		6EBEF1891C680F9A00D2EF22 /* CoreGraphics.framework */ = {isa = PBXFileReference; lastKnownFileType = wrapper.framework; name = CoreGraphics.framework; path = System/Library/Frameworks/CoreGraphics.framework; sourceTree = SDKROOT; };
		6EBEF18B1C680FA300D2EF22 /* CoreLocation.framework */ = {isa = PBXFileReference; lastKnownFileType = wrapper.framework; name = CoreLocation.framework; path = System/Library/Frameworks/CoreLocation.framework; sourceTree = SDKROOT; };
		6EBEF18D1C680FAB00D2EF22 /* QuartzCore.framework */ = {isa = PBXFileReference; lastKnownFileType = wrapper.framework; name = QuartzCore.framework; path = System/Library/Frameworks/QuartzCore.framework; sourceTree = SDKROOT; };
		6EBEF18F1C680FB300D2EF22 /* Security.framework */ = {isa = PBXFileReference; lastKnownFileType = wrapper.framework; name = Security.framework; path = System/Library/Frameworks/Security.framework; sourceTree = SDKROOT; };
		6EBEF1911C680FBE00D2EF22 /* StoreKit.framework */ = {isa = PBXFileReference; lastKnownFileType = wrapper.framework; name = StoreKit.framework; path = System/Library/Frameworks/StoreKit.framework; sourceTree = SDKROOT; };
		6EBEF1931C680FC600D2EF22 /* SystemConfiguration.framework */ = {isa = PBXFileReference; lastKnownFileType = wrapper.framework; name = SystemConfiguration.framework; path = System/Library/Frameworks/SystemConfiguration.framework; sourceTree = SDKROOT; };
		6EBEF1951C680FCD00D2EF22 /* libz.tbd */ = {isa = PBXFileReference; lastKnownFileType = "sourcecode.text-based-dylib-definition"; name = libz.tbd; path = usr/lib/libz.tbd; sourceTree = SDKROOT; };
		6EBEF1971C680FD700D2EF22 /* libsqlite3.tbd */ = {isa = PBXFileReference; lastKnownFileType = "sourcecode.text-based-dylib-definition"; name = libsqlite3.tbd; path = usr/lib/libsqlite3.tbd; sourceTree = SDKROOT; };
		6EBEF1A01C6810A600D2EF22 /* KITabBarController.h */ = {isa = PBXFileReference; fileEncoding = 4; lastKnownFileType = sourcecode.c.h; name = KITabBarController.h; path = ViewControllers/KITabBarController/KITabBarController.h; sourceTree = "<group>"; };
		6EBEF1A11C6810A600D2EF22 /* KITabBarController.m */ = {isa = PBXFileReference; fileEncoding = 4; lastKnownFileType = sourcecode.c.objc; name = KITabBarController.m; path = ViewControllers/KITabBarController/KITabBarController.m; sourceTree = "<group>"; };
		C34F30B93C64F5933B216930 /* libPods-KickitSpotMobile.a */ = {isa = PBXFileReference; explicitFileType = archive.ar; includeInIndex = 0; path = "libPods-KickitSpotMobile.a"; sourceTree = BUILT_PRODUCTS_DIR; };
/* End PBXFileReference section */

/* Begin PBXFrameworksBuildPhase section */
		57087F441C613DC000FA3ADC /* Frameworks */ = {
			isa = PBXFrameworksBuildPhase;
			buildActionMask = 2147483647;
			files = (
				6EBEF1981C680FD700D2EF22 /* libsqlite3.tbd in Frameworks */,
				6EBEF1961C680FCD00D2EF22 /* libz.tbd in Frameworks */,
				6EBEF1941C680FC600D2EF22 /* SystemConfiguration.framework in Frameworks */,
				6EBEF1921C680FBE00D2EF22 /* StoreKit.framework in Frameworks */,
				6EBEF1901C680FB300D2EF22 /* Security.framework in Frameworks */,
				6EBEF18E1C680FAB00D2EF22 /* QuartzCore.framework in Frameworks */,
				6EBEF18C1C680FA300D2EF22 /* CoreLocation.framework in Frameworks */,
				6EBEF18A1C680F9A00D2EF22 /* CoreGraphics.framework in Frameworks */,
				6EBEF1881C680F9000D2EF22 /* CFNetwork.framework in Frameworks */,
				6EBEF1861C680F8900D2EF22 /* AudioToolbox.framework in Frameworks */,
				9AC6F5BAD70C505989279C2C /* libPods-KickitSpot.a in Frameworks */,
			);
			runOnlyForDeploymentPostprocessing = 0;
		};
		57087F5D1C613DC000FA3ADC /* Frameworks */ = {
			isa = PBXFrameworksBuildPhase;
			buildActionMask = 2147483647;
			files = (
			);
			runOnlyForDeploymentPostprocessing = 0;
		};
		57087F681C613DC000FA3ADC /* Frameworks */ = {
			isa = PBXFrameworksBuildPhase;
			buildActionMask = 2147483647;
			files = (
			);
			runOnlyForDeploymentPostprocessing = 0;
		};
/* End PBXFrameworksBuildPhase section */

/* Begin PBXGroup section */
		57087F3E1C613DC000FA3ADC = {
			isa = PBXGroup;
			children = (
				57087F491C613DC000FA3ADC /* KickitSpotMobile */,
				57087F631C613DC000FA3ADC /* KickitSpotMobileTests */,
				57087F6E1C613DC000FA3ADC /* KickitSpotMobileUITests */,
				57087F481C613DC000FA3ADC /* Products */,
				652227C2A3E7E2F929A8B5CA /* Pods */,
				F18FFE6E845E93299A736262 /* Frameworks */,
			);
			sourceTree = "<group>";
		};
		57087F481C613DC000FA3ADC /* Products */ = {
			isa = PBXGroup;
			children = (
				57087F471C613DC000FA3ADC /* KickitSpot.app */,
				57087F601C613DC000FA3ADC /* KickitSpot.xctest */,
				57087F6B1C613DC000FA3ADC /* KickitSpot.xctest */,
			);
			name = Products;
			sourceTree = "<group>";
		};
		57087F491C613DC000FA3ADC /* KickitSpotMobile */ = {
			isa = PBXGroup;
			children = (
				6EBEF1841C680E6B00D2EF22 /* Storyboard */,
				6EBEF16A1C6802E300D2EF22 /* AppDelegate */,
				6E377E661C6FEA910016BDE9 /* Constants */,
				6EBEF16C1C6802F200D2EF22 /* Subviews */,
				6EBEF16B1C6802E800D2EF22 /* ViewControllers */,
				57E7D71D1C61A7E8000641D5 /* Helper Files */,
				57087F561C613DC000FA3ADC /* Assets.xcassets */,
				57087F5B1C613DC000FA3ADC /* Info.plist */,
				57087F4A1C613DC000FA3ADC /* Supporting Files */,
			);
			path = KickitSpotMobile;
			sourceTree = "<group>";
		};
		57087F4A1C613DC000FA3ADC /* Supporting Files */ = {
			isa = PBXGroup;
			children = (
				6E377E461C6FE9A50016BDE9 /* opensource */,
				6E377DF61C6FE2F90016BDE9 /* fonts */,
				57087F4B1C613DC000FA3ADC /* main.m */,
			);
			name = "Supporting Files";
			sourceTree = "<group>";
		};
		57087F631C613DC000FA3ADC /* KickitSpotMobileTests */ = {
			isa = PBXGroup;
			children = (
				57087F641C613DC000FA3ADC /* KickitSpotMobileTests.m */,
				57087F661C613DC000FA3ADC /* Info.plist */,
			);
			path = KickitSpotMobileTests;
			sourceTree = "<group>";
		};
		57087F6E1C613DC000FA3ADC /* KickitSpotMobileUITests */ = {
			isa = PBXGroup;
			children = (
				57087F6F1C613DC000FA3ADC /* KickitSpotMobileUITests.m */,
				57087F711C613DC000FA3ADC /* Info.plist */,
			);
			path = KickitSpotMobileUITests;
			sourceTree = "<group>";
		};
		57E7D71D1C61A7E8000641D5 /* Helper Files */ = {
			isa = PBXGroup;
			children = (
				6EBEF17C1C68039000D2EF22 /* BackendFunctions.h */,
				6EBEF17D1C68039000D2EF22 /* BackendFunctions.m */,
			);
			name = "Helper Files";
			sourceTree = "<group>";
		};
		652227C2A3E7E2F929A8B5CA /* Pods */ = {
			isa = PBXGroup;
			children = (
				6C1E430C9D9D56069D144663 /* Pods-KickitSpotMobile.debug.xcconfig */,
				218AAC6CD709B16A533B4E65 /* Pods-KickitSpotMobile.release.xcconfig */,
				602BF4178C62AA0AEDA00EB1 /* Pods-KickitSpot.debug.xcconfig */,
				42D1B3F61542516C6145DE60 /* Pods-KickitSpot.release.xcconfig */,
			);
			name = Pods;
			sourceTree = "<group>";
		};
		6E377DF61C6FE2F90016BDE9 /* fonts */ = {
			isa = PBXGroup;
			children = (
				6E377DF71C6FE83D0016BDE9 /* Actor regular.ttf */,
				6E377DF81C6FE83D0016BDE9 /* Advent Pro 100.ttf */,
				6E377DF91C6FE83D0016BDE9 /* Advent Pro 200.ttf */,
				6E377DFA1C6FE83D0016BDE9 /* Advent Pro 300.ttf */,
				6E377DFB1C6FE83D0016BDE9 /* Advent Pro 500.ttf */,
				6E377DFC1C6FE83D0016BDE9 /* Advent Pro 600.ttf */,
				6E377DFD1C6FE83D0016BDE9 /* Advent Pro 700.ttf */,
				6E377DFE1C6FE83D0016BDE9 /* Advent Pro regular.ttf */,
				6E377DFF1C6FE83D0016BDE9 /* Open Sans 300.ttf */,
				6E377E001C6FE83D0016BDE9 /* Open Sans 300italic.ttf */,
				6E377E011C6FE83D0016BDE9 /* Open Sans 600.ttf */,
				6E377E021C6FE83D0016BDE9 /* Open Sans 600italic.ttf */,
				6E377E031C6FE83D0016BDE9 /* Open Sans 700.ttf */,
				6E377E041C6FE83D0016BDE9 /* Open Sans 700italic.ttf */,
				6E377E051C6FE83D0016BDE9 /* Open Sans 800.ttf */,
				6E377E061C6FE83D0016BDE9 /* Open Sans 800italic.ttf */,
				6E377E071C6FE83D0016BDE9 /* Open Sans italic.ttf */,
				6E377E081C6FE83D0016BDE9 /* Open Sans regular.ttf */,
				6E377E091C6FE83D0016BDE9 /* Roboto 100.ttf */,
				6E377E0A1C6FE83D0016BDE9 /* Roboto 100italic.ttf */,
				6E377E0B1C6FE83D0016BDE9 /* Roboto 300.ttf */,
				6E377E0C1C6FE83D0016BDE9 /* Roboto 300italic.ttf */,
				6E377E0D1C6FE83D0016BDE9 /* Roboto 500.ttf */,
				6E377E0E1C6FE83D0016BDE9 /* Roboto 500italic.ttf */,
				6E377E0F1C6FE83D0016BDE9 /* Roboto 700.ttf */,
				6E377E101C6FE83D0016BDE9 /* Roboto 700italic.ttf */,
				6E377E111C6FE83D0016BDE9 /* Roboto 900.ttf */,
				6E377E121C6FE83D0016BDE9 /* Roboto 900italic.ttf */,
				6E377E131C6FE83D0016BDE9 /* Roboto italic.ttf */,
				6E377E141C6FE83D0016BDE9 /* Roboto regular.ttf */,
				6E377E151C6FE83D0016BDE9 /* Typo_Round_Bold_Demo.otf */,
				6E377E161C6FE83D0016BDE9 /* Typo_Round_Bold_Italic_Demo.otf */,
				6E377E171C6FE83D0016BDE9 /* Typo_Round_Italic_Demo.otf */,
				6E377E181C6FE83D0016BDE9 /* Typo_Round_Light_Demo.otf */,
				6E377E191C6FE83D0016BDE9 /* Typo_Round_Light_Italic_Demo.otf */,
				6E377E1A1C6FE83D0016BDE9 /* Typo_Round_Regular_Demo.otf */,
				6E377E1B1C6FE83D0016BDE9 /* Typo_Round_Thin_Demo.otf */,
				6E377E1C1C6FE83D0016BDE9 /* Typo_Round_Thin_Italic Demo.otf */,
			);
			name = fonts;
			sourceTree = "<group>";
		};
		6E377E461C6FE9A50016BDE9 /* opensource */ = {
			isa = PBXGroup;
			children = (
				6E377E6F1C6FEE110016BDE9 /* AIFlatSwitch */,
				6E377E791C6FEE110016BDE9 /* AwesomeMenu */,
				6E377E7E1C6FEE110016BDE9 /* CKLinkedList */,
				6E377E811C6FEE110016BDE9 /* DOFavoriteButton */,
				6E377E861C6FEE110016BDE9 /* GCPlaceholderTextView */,
				6E377E891C6FEE110016BDE9 /* JFMinimalNotification */,
				6E377E941C6FEE110016BDE9 /* LTInfiniteScrollView */,
				6E377E971C6FEE110016BDE9 /* MSCellAccessory */,
				6E377E9C1C6FEE110016BDE9 /* NSDate+Utilities */,
				6E377E9F1C6FEE110016BDE9 /* Reachability */,
				6E377EA21C6FEE110016BDE9 /* SLExpandableTableView */,
				6E377EA51C6FEE110016BDE9 /* UIImage+ImageEffects */,
			);
			name = opensource;
			sourceTree = "<group>";
		};
		6E377E661C6FEA910016BDE9 /* Constants */ = {
			isa = PBXGroup;
			children = (
				6E377E631C6FEA8C0016BDE9 /* kColorConstants.h */,
				6E377E641C6FEA8C0016BDE9 /* kColorConstants.m */,
				6EB3F7EA1C82B24E009A1DD7 /* kStringConstants.h */,
				6E377E431C6FE8F90016BDE9 /* HelperFunctions.h */,
				6E377E441C6FE8FF0016BDE9 /* HelperFunctions.m */,
				6EBEF17F1C6803AE00D2EF22 /* kConstants.h */,
				6E8C967B1C715711004615DD /* kBackendConstants.h */,
				6E8C967A1C715587004615DD /* kAppSettingsConstants.h */,
			);
			name = Constants;
			sourceTree = "<group>";
		};
		6E377E6F1C6FEE110016BDE9 /* AIFlatSwitch */ = {
			isa = PBXGroup;
			children = (
				6E377E701C6FEE110016BDE9 /* AIFlatSwitch.h */,
				6E377E711C6FEE110016BDE9 /* AIFlatSwitch.swift */,
				6E377E721C6FEE110016BDE9 /* Info.plist */,
			);
			name = AIFlatSwitch;
			path = OpenSource/AIFlatSwitch;
			sourceTree = "<group>";
		};
		6E377E791C6FEE110016BDE9 /* AwesomeMenu */ = {
			isa = PBXGroup;
			children = (
				6E377E7A1C6FEE110016BDE9 /* AwesomeMenu.h */,
				6E377E7B1C6FEE110016BDE9 /* AwesomeMenu.m */,
				6E377E7C1C6FEE110016BDE9 /* AwesomeMenuItem.h */,
				6E377E7D1C6FEE110016BDE9 /* AwesomeMenuItem.m */,
			);
			name = AwesomeMenu;
			path = OpenSource/AwesomeMenu;
			sourceTree = "<group>";
		};
		6E377E7E1C6FEE110016BDE9 /* CKLinkedList */ = {
			isa = PBXGroup;
			children = (
				6E377E7F1C6FEE110016BDE9 /* CKLinkedList.h */,
				6E377E801C6FEE110016BDE9 /* CKLinkedList.m */,
			);
			name = CKLinkedList;
			path = OpenSource/CKLinkedList;
			sourceTree = "<group>";
		};
		6E377E811C6FEE110016BDE9 /* DOFavoriteButton */ = {
			isa = PBXGroup;
			children = (
				6E377E821C6FEE110016BDE9 /* DOFavoriteButton.swift */,
			);
			name = DOFavoriteButton;
			path = OpenSource/DOFavoriteButton;
			sourceTree = "<group>";
		};
		6E377E861C6FEE110016BDE9 /* GCPlaceholderTextView */ = {
			isa = PBXGroup;
			children = (
				6E377E871C6FEE110016BDE9 /* GCPlaceholderTextView.h */,
				6E377E881C6FEE110016BDE9 /* GCPlaceholderTextView.m */,
			);
			name = GCPlaceholderTextView;
			path = OpenSource/GCPlaceholderTextView;
			sourceTree = "<group>";
		};
		6E377E891C6FEE110016BDE9 /* JFMinimalNotification */ = {
			isa = PBXGroup;
			children = (
				6E377E8A1C6FEE110016BDE9 /* JFMinimalNotification.h */,
				6E377E8B1C6FEE110016BDE9 /* JFMinimalNotification.m */,
				6E377E8C1C6FEE110016BDE9 /* JFMinimalNotificationArt.h */,
				6E377E8D1C6FEE110016BDE9 /* JFMinimalNotificationArt.m */,
				6E377E8E1C6FEE110016BDE9 /* NSInvocation+Constructors.h */,
				6E377E8F1C6FEE110016BDE9 /* NSInvocation+Constructors.m */,
				6E377E901C6FEE110016BDE9 /* UIColor+JFMinimalNotificationColors.h */,
				6E377E911C6FEE110016BDE9 /* UIColor+JFMinimalNotificationColors.m */,
				6E377E921C6FEE110016BDE9 /* UIView+Round.h */,
				6E377E931C6FEE110016BDE9 /* UIView+Round.m */,
			);
			name = JFMinimalNotification;
			path = OpenSource/JFMinimalNotification;
			sourceTree = "<group>";
		};
		6E377E941C6FEE110016BDE9 /* LTInfiniteScrollView */ = {
			isa = PBXGroup;
			children = (
				6E377E951C6FEE110016BDE9 /* LTInfiniteScrollView.h */,
				6E377E961C6FEE110016BDE9 /* LTInfiniteScrollView.m */,
			);
			name = LTInfiniteScrollView;
			path = OpenSource/LTInfiniteScrollView;
			sourceTree = "<group>";
		};
		6E377E971C6FEE110016BDE9 /* MSCellAccessory */ = {
			isa = PBXGroup;
			children = (
				6E377E981C6FEE110016BDE9 /* MSCellAccessory.h */,
				6E377E991C6FEE110016BDE9 /* MSCellAccessory.m */,
				6E377E9A1C6FEE110016BDE9 /* UIView+AccessViewController.h */,
				6E377E9B1C6FEE110016BDE9 /* UIView+AccessViewController.m */,
			);
			name = MSCellAccessory;
			path = OpenSource/MSCellAccessory;
			sourceTree = "<group>";
		};
		6E377E9C1C6FEE110016BDE9 /* NSDate+Utilities */ = {
			isa = PBXGroup;
			children = (
				6E377E9D1C6FEE110016BDE9 /* NSDate+Utilities.h */,
				6E377E9E1C6FEE110016BDE9 /* NSDate+Utilities.m */,
			);
			name = "NSDate+Utilities";
			path = "OpenSource/NSDate+Utilities";
			sourceTree = "<group>";
		};
		6E377E9F1C6FEE110016BDE9 /* Reachability */ = {
			isa = PBXGroup;
			children = (
				6E377EA01C6FEE110016BDE9 /* Reachability.h */,
				6E377EA11C6FEE110016BDE9 /* Reachability.m */,
			);
			name = Reachability;
			path = OpenSource/Reachability;
			sourceTree = "<group>";
		};
		6E377EA21C6FEE110016BDE9 /* SLExpandableTableView */ = {
			isa = PBXGroup;
			children = (
				6E377EA31C6FEE110016BDE9 /* SLExpandableTableView.h */,
				6E377EA41C6FEE110016BDE9 /* SLExpandableTableView.m */,
			);
			name = SLExpandableTableView;
			path = OpenSource/SLExpandableTableView;
			sourceTree = "<group>";
		};
		6E377EA51C6FEE110016BDE9 /* UIImage+ImageEffects */ = {
			isa = PBXGroup;
			children = (
				6E377EA61C6FEE110016BDE9 /* UIImage+ImageEffects.h */,
				6E377EA71C6FEE110016BDE9 /* UIImage+ImageEffects.m */,
			);
			name = "UIImage+ImageEffects";
			path = "OpenSource/UIImage+ImageEffects";
			sourceTree = "<group>";
		};
		6EBEF16A1C6802E300D2EF22 /* AppDelegate */ = {
			isa = PBXGroup;
			children = (
				6EBEF1701C68035D00D2EF22 /* AppDelegate.h */,
				6EBEF1711C68035D00D2EF22 /* AppDelegate.m */,
			);
			name = AppDelegate;
			sourceTree = "<group>";
		};
		6EBEF16B1C6802E800D2EF22 /* ViewControllers */ = {
			isa = PBXGroup;
			children = (
				6EBEF19C1C68104B00D2EF22 /* KITabBarController */,
				6EBEF1991C68102D00D2EF22 /* KIViewControllers */,
				6EBEF1831C680BB300D2EF22 /* RootViewController */,
			);
			name = ViewControllers;
			sourceTree = "<group>";
		};
		6EBEF16C1C6802F200D2EF22 /* Subviews */ = {
			isa = PBXGroup;
			children = (
				6EBEF1731C68036C00D2EF22 /* SignInView.h */,
				6EBEF1741C68036C00D2EF22 /* SignInView.m */,
			);
			name = Subviews;
			sourceTree = "<group>";
		};
		6EBEF1831C680BB300D2EF22 /* RootViewController */ = {
			isa = PBXGroup;
			children = (
				6EBEF1801C680B5100D2EF22 /* RootViewController.h */,
				6EBEF1811C680B5100D2EF22 /* RootViewController.m */,
			);
			name = RootViewController;
			sourceTree = "<group>";
		};
		6EBEF1841C680E6B00D2EF22 /* Storyboard */ = {
			isa = PBXGroup;
			children = (
				57087F531C613DC000FA3ADC /* Main.storyboard */,
				57087F581C613DC000FA3ADC /* LaunchScreen.storyboard */,
			);
			name = Storyboard;
			sourceTree = "<group>";
		};
		6EBEF1991C68102D00D2EF22 /* KIViewControllers */ = {
			isa = PBXGroup;
			children = (
				6EBEF1761C68037A00D2EF22 /* MainPageViewController.h */,
				6EBEF1771C68037A00D2EF22 /* MainPageViewController.m */,
				6E8C96711C715101004615DD /* SettingsViewController.h */,
				6E8C96721C715101004615DD /* SettingsViewController.m */,
				6E8C96741C715131004615DD /* SubscribedSpotViewController.h */,
				6E8C96751C715131004615DD /* SubscribedSpotViewController.m */,
			);
			name = KIViewControllers;
			sourceTree = "<group>";
		};
		6EBEF19C1C68104B00D2EF22 /* KITabBarController */ = {
			isa = PBXGroup;
			children = (
				6EBEF1A01C6810A600D2EF22 /* KITabBarController.h */,
				6EBEF1A11C6810A600D2EF22 /* KITabBarController.m */,
				6E8C96771C7151CD004615DD /* KITabBarItem.h */,
				6E8C96781C7151CD004615DD /* KITabBarItem.m */,
			);
			name = KITabBarController;
			sourceTree = "<group>";
		};
		F18FFE6E845E93299A736262 /* Frameworks */ = {
			isa = PBXGroup;
			children = (
				6EBEF1971C680FD700D2EF22 /* libsqlite3.tbd */,
				6EBEF1951C680FCD00D2EF22 /* libz.tbd */,
				6EBEF1931C680FC600D2EF22 /* SystemConfiguration.framework */,
				6EBEF1911C680FBE00D2EF22 /* StoreKit.framework */,
				6EBEF18F1C680FB300D2EF22 /* Security.framework */,
				6EBEF18D1C680FAB00D2EF22 /* QuartzCore.framework */,
				6EBEF18B1C680FA300D2EF22 /* CoreLocation.framework */,
				6EBEF1891C680F9A00D2EF22 /* CoreGraphics.framework */,
				6EBEF1871C680F9000D2EF22 /* CFNetwork.framework */,
				6EBEF1851C680F8900D2EF22 /* AudioToolbox.framework */,
				C34F30B93C64F5933B216930 /* libPods-KickitSpotMobile.a */,
				4421333BC3BB3C6339CD7BD4 /* libPods-KickitSpot.a */,
			);
			name = Frameworks;
			sourceTree = "<group>";
		};
/* End PBXGroup section */

/* Begin PBXNativeTarget section */
		57087F461C613DC000FA3ADC /* KickitSpot */ = {
			isa = PBXNativeTarget;
			buildConfigurationList = 57087F741C613DC000FA3ADC /* Build configuration list for PBXNativeTarget "KickitSpot" */;
			buildPhases = (
				0B08415AE2489E6000015D1E /* Check Pods Manifest.lock */,
				57087F431C613DC000FA3ADC /* Sources */,
				57087F441C613DC000FA3ADC /* Frameworks */,
				57087F451C613DC000FA3ADC /* Resources */,
				D65C5E1F88672CA700929C38 /* Embed Pods Frameworks */,
				C0EBCF5979DE58DF7BF9DC3C /* Copy Pods Resources */,
			);
			buildRules = (
			);
			dependencies = (
			);
			name = KickitSpot;
			productName = KickitSpotMobile;
			productReference = 57087F471C613DC000FA3ADC /* KickitSpot.app */;
			productType = "com.apple.product-type.application";
		};
		57087F5F1C613DC000FA3ADC /* KickitSpotTests */ = {
			isa = PBXNativeTarget;
			buildConfigurationList = 57087F771C613DC000FA3ADC /* Build configuration list for PBXNativeTarget "KickitSpotTests" */;
			buildPhases = (
				57087F5C1C613DC000FA3ADC /* Sources */,
				57087F5D1C613DC000FA3ADC /* Frameworks */,
				57087F5E1C613DC000FA3ADC /* Resources */,
			);
			buildRules = (
			);
			dependencies = (
				57087F621C613DC000FA3ADC /* PBXTargetDependency */,
			);
			name = KickitSpotTests;
			productName = KickitSpotMobileTests;
			productReference = 57087F601C613DC000FA3ADC /* KickitSpot.xctest */;
			productType = "com.apple.product-type.bundle.unit-test";
		};
		57087F6A1C613DC000FA3ADC /* KickitSpotUITests */ = {
			isa = PBXNativeTarget;
			buildConfigurationList = 57087F7A1C613DC000FA3ADC /* Build configuration list for PBXNativeTarget "KickitSpotUITests" */;
			buildPhases = (
				57087F671C613DC000FA3ADC /* Sources */,
				57087F681C613DC000FA3ADC /* Frameworks */,
				57087F691C613DC000FA3ADC /* Resources */,
			);
			buildRules = (
			);
			dependencies = (
				57087F6D1C613DC000FA3ADC /* PBXTargetDependency */,
			);
			name = KickitSpotUITests;
			productName = KickitSpotMobileUITests;
			productReference = 57087F6B1C613DC000FA3ADC /* KickitSpot.xctest */;
			productType = "com.apple.product-type.bundle.ui-testing";
		};
/* End PBXNativeTarget section */

/* Begin PBXProject section */
		57087F3F1C613DC000FA3ADC /* Project object */ = {
			isa = PBXProject;
			attributes = {
				LastUpgradeCheck = 0720;
				ORGANIZATIONNAME = Newdesto;
				TargetAttributes = {
					57087F461C613DC000FA3ADC = {
						CreatedOnToolsVersion = 7.2;
						DevelopmentTeam = 8RP384RY66;
					};
					57087F5F1C613DC000FA3ADC = {
						CreatedOnToolsVersion = 7.2;
						DevelopmentTeam = 8RP384RY66;
						TestTargetID = 57087F461C613DC000FA3ADC;
					};
					57087F6A1C613DC000FA3ADC = {
						CreatedOnToolsVersion = 7.2;
						DevelopmentTeam = 8RP384RY66;
						TestTargetID = 57087F461C613DC000FA3ADC;
					};
				};
			};
			buildConfigurationList = 57087F421C613DC000FA3ADC /* Build configuration list for PBXProject "KickitSpot" */;
			compatibilityVersion = "Xcode 6.3";
			developmentRegion = English;
			hasScannedForEncodings = 0;
			knownRegions = (
				en,
				Base,
			);
			mainGroup = 57087F3E1C613DC000FA3ADC;
			productRefGroup = 57087F481C613DC000FA3ADC /* Products */;
			projectDirPath = "";
			projectRoot = "";
			targets = (
				57087F461C613DC000FA3ADC /* KickitSpot */,
				57087F5F1C613DC000FA3ADC /* KickitSpotTests */,
				57087F6A1C613DC000FA3ADC /* KickitSpotUITests */,
			);
		};
/* End PBXProject section */

/* Begin PBXResourcesBuildPhase section */
		57087F451C613DC000FA3ADC /* Resources */ = {
			isa = PBXResourcesBuildPhase;
			buildActionMask = 2147483647;
			files = (
				6E377E331C6FE83D0016BDE9 /* Roboto 500.ttf in Resources */,
				6E377E1D1C6FE83D0016BDE9 /* Actor regular.ttf in Resources */,
				6E377E351C6FE83D0016BDE9 /* Roboto 700.ttf in Resources */,
				6E377E241C6FE83D0016BDE9 /* Advent Pro regular.ttf in Resources */,
				57087F5A1C613DC000FA3ADC /* LaunchScreen.storyboard in Resources */,
				6E377E251C6FE83D0016BDE9 /* Open Sans 300.ttf in Resources */,
				6E377E221C6FE83D0016BDE9 /* Advent Pro 600.ttf in Resources */,
				6E377E421C6FE83D0016BDE9 /* Typo_Round_Thin_Italic Demo.otf in Resources */,
				6E377E201C6FE83D0016BDE9 /* Advent Pro 300.ttf in Resources */,
				6E377E3B1C6FE83D0016BDE9 /* Typo_Round_Bold_Demo.otf in Resources */,
				6E377E3C1C6FE83D0016BDE9 /* Typo_Round_Bold_Italic_Demo.otf in Resources */,
				6E377E1E1C6FE83D0016BDE9 /* Advent Pro 100.ttf in Resources */,
				6E377E1F1C6FE83D0016BDE9 /* Advent Pro 200.ttf in Resources */,
				6E377E371C6FE83D0016BDE9 /* Roboto 900.ttf in Resources */,
				6E377E231C6FE83D0016BDE9 /* Advent Pro 700.ttf in Resources */,
				57087F571C613DC000FA3ADC /* Assets.xcassets in Resources */,
				6E377E311C6FE83D0016BDE9 /* Roboto 300.ttf in Resources */,
				6E377E411C6FE83D0016BDE9 /* Typo_Round_Thin_Demo.otf in Resources */,
				6E377E301C6FE83D0016BDE9 /* Roboto 100italic.ttf in Resources */,
				6E377E2F1C6FE83D0016BDE9 /* Roboto 100.ttf in Resources */,
				6E377EA91C6FEE110016BDE9 /* Info.plist in Resources */,
				6E377E211C6FE83D0016BDE9 /* Advent Pro 500.ttf in Resources */,
				6E377E381C6FE83D0016BDE9 /* Roboto 900italic.ttf in Resources */,
				6E377E321C6FE83D0016BDE9 /* Roboto 300italic.ttf in Resources */,
				6E377E291C6FE83D0016BDE9 /* Open Sans 700.ttf in Resources */,
				6E377E2B1C6FE83D0016BDE9 /* Open Sans 800.ttf in Resources */,
				6E377E401C6FE83D0016BDE9 /* Typo_Round_Regular_Demo.otf in Resources */,
				6E377E3A1C6FE83D0016BDE9 /* Roboto regular.ttf in Resources */,
				6E377E2A1C6FE83D0016BDE9 /* Open Sans 700italic.ttf in Resources */,
				6E377E3D1C6FE83D0016BDE9 /* Typo_Round_Italic_Demo.otf in Resources */,
				6E377E281C6FE83D0016BDE9 /* Open Sans 600italic.ttf in Resources */,
				57087F551C613DC000FA3ADC /* Main.storyboard in Resources */,
				6E377E391C6FE83D0016BDE9 /* Roboto italic.ttf in Resources */,
				6E377E341C6FE83D0016BDE9 /* Roboto 500italic.ttf in Resources */,
				6E377E2C1C6FE83D0016BDE9 /* Open Sans 800italic.ttf in Resources */,
				6E377E361C6FE83D0016BDE9 /* Roboto 700italic.ttf in Resources */,
				6E377E2D1C6FE83D0016BDE9 /* Open Sans italic.ttf in Resources */,
				6E377E2E1C6FE83D0016BDE9 /* Open Sans regular.ttf in Resources */,
				6E377E3E1C6FE83D0016BDE9 /* Typo_Round_Light_Demo.otf in Resources */,
				6E377E271C6FE83D0016BDE9 /* Open Sans 600.ttf in Resources */,
				6E377E3F1C6FE83D0016BDE9 /* Typo_Round_Light_Italic_Demo.otf in Resources */,
				6E377E261C6FE83D0016BDE9 /* Open Sans 300italic.ttf in Resources */,
			);
			runOnlyForDeploymentPostprocessing = 0;
		};
		57087F5E1C613DC000FA3ADC /* Resources */ = {
			isa = PBXResourcesBuildPhase;
			buildActionMask = 2147483647;
			files = (
			);
			runOnlyForDeploymentPostprocessing = 0;
		};
		57087F691C613DC000FA3ADC /* Resources */ = {
			isa = PBXResourcesBuildPhase;
			buildActionMask = 2147483647;
			files = (
			);
			runOnlyForDeploymentPostprocessing = 0;
		};
/* End PBXResourcesBuildPhase section */

/* Begin PBXShellScriptBuildPhase section */
		0B08415AE2489E6000015D1E /* Check Pods Manifest.lock */ = {
			isa = PBXShellScriptBuildPhase;
			buildActionMask = 2147483647;
			files = (
			);
			inputPaths = (
			);
			name = "Check Pods Manifest.lock";
			outputPaths = (
			);
			runOnlyForDeploymentPostprocessing = 0;
			shellPath = /bin/sh;
			shellScript = "diff \"${PODS_ROOT}/../Podfile.lock\" \"${PODS_ROOT}/Manifest.lock\" > /dev/null\nif [[ $? != 0 ]] ; then\n    cat << EOM\nerror: The sandbox is not in sync with the Podfile.lock. Run 'pod install' or update your CocoaPods installation.\nEOM\n    exit 1\nfi\n";
			showEnvVarsInLog = 0;
		};
		C0EBCF5979DE58DF7BF9DC3C /* Copy Pods Resources */ = {
			isa = PBXShellScriptBuildPhase;
			buildActionMask = 2147483647;
			files = (
			);
			inputPaths = (
			);
			name = "Copy Pods Resources";
			outputPaths = (
			);
			runOnlyForDeploymentPostprocessing = 0;
			shellPath = /bin/sh;
			shellScript = "\"${SRCROOT}/Pods/Target Support Files/Pods-KickitSpot/Pods-KickitSpot-resources.sh\"\n";
			showEnvVarsInLog = 0;
		};
		D65C5E1F88672CA700929C38 /* Embed Pods Frameworks */ = {
			isa = PBXShellScriptBuildPhase;
			buildActionMask = 2147483647;
			files = (
			);
			inputPaths = (
			);
			name = "Embed Pods Frameworks";
			outputPaths = (
			);
			runOnlyForDeploymentPostprocessing = 0;
			shellPath = /bin/sh;
			shellScript = "\"${SRCROOT}/Pods/Target Support Files/Pods-KickitSpot/Pods-KickitSpot-frameworks.sh\"\n";
			showEnvVarsInLog = 0;
		};
/* End PBXShellScriptBuildPhase section */

/* Begin PBXSourcesBuildPhase section */
		57087F431C613DC000FA3ADC /* Sources */ = {
			isa = PBXSourcesBuildPhase;
			buildActionMask = 2147483647;
			files = (
				6E8C96791C7151CD004615DD /* KITabBarItem.m in Sources */,
				6E377EAF1C6FEE110016BDE9 /* DOFavoriteButton.swift in Sources */,
				6E377EB71C6FEE110016BDE9 /* LTInfiniteScrollView.m in Sources */,
				6E377EB61C6FEE110016BDE9 /* UIView+Round.m in Sources */,
				6EBEF17E1C68039000D2EF22 /* BackendFunctions.m in Sources */,
				6E377EBA1C6FEE110016BDE9 /* NSDate+Utilities.m in Sources */,
				6E377EAD1C6FEE110016BDE9 /* AwesomeMenuItem.m in Sources */,
				6E377EB11C6FEE110016BDE9 /* GCPlaceholderTextView.m in Sources */,
				6EBEF1821C680B5100D2EF22 /* RootViewController.m in Sources */,
				6E377EAC1C6FEE110016BDE9 /* AwesomeMenu.m in Sources */,
				6E377EBB1C6FEE110016BDE9 /* Reachability.m in Sources */,
				6E8C96761C715131004615DD /* SubscribedSpotViewController.m in Sources */,
				6E377EA81C6FEE110016BDE9 /* AIFlatSwitch.swift in Sources */,
				6E377EB51C6FEE110016BDE9 /* UIColor+JFMinimalNotificationColors.m in Sources */,
				6EBEF17A1C68037A00D2EF22 /* MainPageViewController.m in Sources */,
				6EBEF1A21C6810A600D2EF22 /* KITabBarController.m in Sources */,
				6E377EB41C6FEE110016BDE9 /* NSInvocation+Constructors.m in Sources */,
				6E377EB91C6FEE110016BDE9 /* UIView+AccessViewController.m in Sources */,
				6E377EB81C6FEE110016BDE9 /* MSCellAccessory.m in Sources */,
				6E377EAE1C6FEE110016BDE9 /* CKLinkedList.m in Sources */,
				6E377EBC1C6FEE110016BDE9 /* SLExpandableTableView.m in Sources */,
				6EBEF1751C68036C00D2EF22 /* SignInView.m in Sources */,
				6E377EB21C6FEE110016BDE9 /* JFMinimalNotification.m in Sources */,
				6E377E451C6FE8FF0016BDE9 /* HelperFunctions.m in Sources */,
				6E377E651C6FEA8C0016BDE9 /* kColorConstants.m in Sources */,
				6E377EBD1C6FEE110016BDE9 /* UIImage+ImageEffects.m in Sources */,
				57087F4C1C613DC000FA3ADC /* main.m in Sources */,
				6E377EB31C6FEE110016BDE9 /* JFMinimalNotificationArt.m in Sources */,
				6EBEF1721C68035D00D2EF22 /* AppDelegate.m in Sources */,
				6E8C96731C715101004615DD /* SettingsViewController.m in Sources */,
			);
			runOnlyForDeploymentPostprocessing = 0;
		};
		57087F5C1C613DC000FA3ADC /* Sources */ = {
			isa = PBXSourcesBuildPhase;
			buildActionMask = 2147483647;
			files = (
				57087F651C613DC000FA3ADC /* KickitSpotMobileTests.m in Sources */,
			);
			runOnlyForDeploymentPostprocessing = 0;
		};
		57087F671C613DC000FA3ADC /* Sources */ = {
			isa = PBXSourcesBuildPhase;
			buildActionMask = 2147483647;
			files = (
				57087F701C613DC000FA3ADC /* KickitSpotMobileUITests.m in Sources */,
			);
			runOnlyForDeploymentPostprocessing = 0;
		};
/* End PBXSourcesBuildPhase section */

/* Begin PBXTargetDependency section */
		57087F621C613DC000FA3ADC /* PBXTargetDependency */ = {
			isa = PBXTargetDependency;
			target = 57087F461C613DC000FA3ADC /* KickitSpot */;
			targetProxy = 57087F611C613DC000FA3ADC /* PBXContainerItemProxy */;
		};
		57087F6D1C613DC000FA3ADC /* PBXTargetDependency */ = {
			isa = PBXTargetDependency;
			target = 57087F461C613DC000FA3ADC /* KickitSpot */;
			targetProxy = 57087F6C1C613DC000FA3ADC /* PBXContainerItemProxy */;
		};
/* End PBXTargetDependency section */

/* Begin PBXVariantGroup section */
		57087F531C613DC000FA3ADC /* Main.storyboard */ = {
			isa = PBXVariantGroup;
			children = (
				57087F541C613DC000FA3ADC /* Base */,
			);
			name = Main.storyboard;
			sourceTree = "<group>";
		};
		57087F581C613DC000FA3ADC /* LaunchScreen.storyboard */ = {
			isa = PBXVariantGroup;
			children = (
				57087F591C613DC000FA3ADC /* Base */,
			);
			name = LaunchScreen.storyboard;
			sourceTree = "<group>";
		};
/* End PBXVariantGroup section */

/* Begin XCBuildConfiguration section */
		57087F721C613DC000FA3ADC /* Debug */ = {
			isa = XCBuildConfiguration;
			buildSettings = {
				ALWAYS_SEARCH_USER_PATHS = NO;
				CLANG_CXX_LANGUAGE_STANDARD = "gnu++0x";
				CLANG_CXX_LIBRARY = "libc++";
				CLANG_ENABLE_MODULES = YES;
				CLANG_ENABLE_OBJC_ARC = YES;
				CLANG_WARN_BOOL_CONVERSION = YES;
				CLANG_WARN_CONSTANT_CONVERSION = YES;
				CLANG_WARN_DIRECT_OBJC_ISA_USAGE = YES_ERROR;
				CLANG_WARN_EMPTY_BODY = YES;
				CLANG_WARN_ENUM_CONVERSION = YES;
				CLANG_WARN_INT_CONVERSION = YES;
				CLANG_WARN_OBJC_ROOT_CLASS = YES_ERROR;
				CLANG_WARN_UNREACHABLE_CODE = YES;
				CLANG_WARN__DUPLICATE_METHOD_MATCH = YES;
				"CODE_SIGN_IDENTITY[sdk=iphoneos*]" = "iPhone Developer";
				COPY_PHASE_STRIP = NO;
				DEBUG_INFORMATION_FORMAT = dwarf;
				ENABLE_STRICT_OBJC_MSGSEND = YES;
				ENABLE_TESTABILITY = YES;
				GCC_C_LANGUAGE_STANDARD = gnu99;
				GCC_DYNAMIC_NO_PIC = NO;
				GCC_NO_COMMON_BLOCKS = YES;
				GCC_OPTIMIZATION_LEVEL = 0;
				GCC_PREPROCESSOR_DEFINITIONS = (
					"DEBUG=1",
					"$(inherited)",
				);
				GCC_WARN_64_TO_32_BIT_CONVERSION = YES;
				GCC_WARN_ABOUT_RETURN_TYPE = YES_ERROR;
				GCC_WARN_UNDECLARED_SELECTOR = YES;
				GCC_WARN_UNINITIALIZED_AUTOS = YES_AGGRESSIVE;
				GCC_WARN_UNUSED_FUNCTION = YES;
				GCC_WARN_UNUSED_VARIABLE = YES;
				IPHONEOS_DEPLOYMENT_TARGET = 9.2;
				MTL_ENABLE_DEBUG_INFO = YES;
				ONLY_ACTIVE_ARCH = YES;
				SDKROOT = iphoneos;
				TARGETED_DEVICE_FAMILY = "1,2";
			};
			name = Debug;
		};
		57087F731C613DC000FA3ADC /* Release */ = {
			isa = XCBuildConfiguration;
			buildSettings = {
				ALWAYS_SEARCH_USER_PATHS = NO;
				CLANG_CXX_LANGUAGE_STANDARD = "gnu++0x";
				CLANG_CXX_LIBRARY = "libc++";
				CLANG_ENABLE_MODULES = YES;
				CLANG_ENABLE_OBJC_ARC = YES;
				CLANG_WARN_BOOL_CONVERSION = YES;
				CLANG_WARN_CONSTANT_CONVERSION = YES;
				CLANG_WARN_DIRECT_OBJC_ISA_USAGE = YES_ERROR;
				CLANG_WARN_EMPTY_BODY = YES;
				CLANG_WARN_ENUM_CONVERSION = YES;
				CLANG_WARN_INT_CONVERSION = YES;
				CLANG_WARN_OBJC_ROOT_CLASS = YES_ERROR;
				CLANG_WARN_UNREACHABLE_CODE = YES;
				CLANG_WARN__DUPLICATE_METHOD_MATCH = YES;
				"CODE_SIGN_IDENTITY[sdk=iphoneos*]" = "iPhone Developer";
				COPY_PHASE_STRIP = NO;
				DEBUG_INFORMATION_FORMAT = "dwarf-with-dsym";
				ENABLE_NS_ASSERTIONS = NO;
				ENABLE_STRICT_OBJC_MSGSEND = YES;
				GCC_C_LANGUAGE_STANDARD = gnu99;
				GCC_NO_COMMON_BLOCKS = YES;
				GCC_WARN_64_TO_32_BIT_CONVERSION = YES;
				GCC_WARN_ABOUT_RETURN_TYPE = YES_ERROR;
				GCC_WARN_UNDECLARED_SELECTOR = YES;
				GCC_WARN_UNINITIALIZED_AUTOS = YES_AGGRESSIVE;
				GCC_WARN_UNUSED_FUNCTION = YES;
				GCC_WARN_UNUSED_VARIABLE = YES;
				IPHONEOS_DEPLOYMENT_TARGET = 9.2;
				MTL_ENABLE_DEBUG_INFO = NO;
				SDKROOT = iphoneos;
				TARGETED_DEVICE_FAMILY = "1,2";
				VALIDATE_PRODUCT = YES;
			};
			name = Release;
		};
		57087F751C613DC000FA3ADC /* Debug */ = {
			isa = XCBuildConfiguration;
			baseConfigurationReference = 602BF4178C62AA0AEDA00EB1 /* Pods-KickitSpot.debug.xcconfig */;
			buildSettings = {
				ASSETCATALOG_COMPILER_APPICON_NAME = AppIcon;
				INFOPLIST_FILE = KickitSpotMobile/Info.plist;
				LD_RUNPATH_SEARCH_PATHS = "$(inherited) @executable_path/Frameworks";
				PRODUCT_BUNDLE_IDENTIFIER = com.newdesto.KickItSpot;
				PRODUCT_NAME = KickitSpot;
			};
			name = Debug;
		};
		57087F761C613DC000FA3ADC /* Release */ = {
			isa = XCBuildConfiguration;
			baseConfigurationReference = 42D1B3F61542516C6145DE60 /* Pods-KickitSpot.release.xcconfig */;
			buildSettings = {
				ASSETCATALOG_COMPILER_APPICON_NAME = AppIcon;
				INFOPLIST_FILE = KickitSpotMobile/Info.plist;
				LD_RUNPATH_SEARCH_PATHS = "$(inherited) @executable_path/Frameworks";
				PRODUCT_BUNDLE_IDENTIFIER = com.newdesto.KickItSpot;
				PRODUCT_NAME = KickitSpot;
			};
			name = Release;
		};
		57087F781C613DC000FA3ADC /* Debug */ = {
			isa = XCBuildConfiguration;
			buildSettings = {
				BUNDLE_LOADER = "$(TEST_HOST)";
				INFOPLIST_FILE = KickitSpotMobileTests/Info.plist;
				LD_RUNPATH_SEARCH_PATHS = "$(inherited) @executable_path/Frameworks @loader_path/Frameworks";
				PRODUCT_BUNDLE_IDENTIFIER = com.irwingonzales.KickitSpotMobileTests;
				PRODUCT_NAME = KickitSpot;
				TEST_HOST = "$(BUILT_PRODUCTS_DIR)/KickitSpot.app/KickitSpot";
			};
			name = Debug;
		};
		57087F791C613DC000FA3ADC /* Release */ = {
			isa = XCBuildConfiguration;
			buildSettings = {
				BUNDLE_LOADER = "$(TEST_HOST)";
				INFOPLIST_FILE = KickitSpotMobileTests/Info.plist;
				LD_RUNPATH_SEARCH_PATHS = "$(inherited) @executable_path/Frameworks @loader_path/Frameworks";
				PRODUCT_BUNDLE_IDENTIFIER = com.irwingonzales.KickitSpotMobileTests;
				PRODUCT_NAME = KickitSpot;
				TEST_HOST = "$(BUILT_PRODUCTS_DIR)/KickitSpot.app/KickitSpot";
			};
			name = Release;
		};
		57087F7B1C613DC000FA3ADC /* Debug */ = {
			isa = XCBuildConfiguration;
			buildSettings = {
				INFOPLIST_FILE = KickitSpotMobileUITests/Info.plist;
				LD_RUNPATH_SEARCH_PATHS = "$(inherited) @executable_path/Frameworks @loader_path/Frameworks";
				PRODUCT_BUNDLE_IDENTIFIER = com.irwingonzales.KickitSpotMobileUITests;
				PRODUCT_NAME = KickitSpot;
				TEST_TARGET_NAME = KickitSpotMobile;
				USES_XCTRUNNER = YES;
			};
			name = Debug;
		};
		57087F7C1C613DC000FA3ADC /* Release */ = {
			isa = XCBuildConfiguration;
			buildSettings = {
				INFOPLIST_FILE = KickitSpotMobileUITests/Info.plist;
				LD_RUNPATH_SEARCH_PATHS = "$(inherited) @executable_path/Frameworks @loader_path/Frameworks";
				PRODUCT_BUNDLE_IDENTIFIER = com.irwingonzales.KickitSpotMobileUITests;
				PRODUCT_NAME = KickitSpot;
				TEST_TARGET_NAME = KickitSpotMobile;
				USES_XCTRUNNER = YES;
			};
			name = Release;
		};
/* End XCBuildConfiguration section */

/* Begin XCConfigurationList section */
		57087F421C613DC000FA3ADC /* Build configuration list for PBXProject "KickitSpot" */ = {
			isa = XCConfigurationList;
			buildConfigurations = (
				57087F721C613DC000FA3ADC /* Debug */,
				57087F731C613DC000FA3ADC /* Release */,
			);
			defaultConfigurationIsVisible = 0;
			defaultConfigurationName = Release;
		};
		57087F741C613DC000FA3ADC /* Build configuration list for PBXNativeTarget "KickitSpot" */ = {
			isa = XCConfigurationList;
			buildConfigurations = (
				57087F751C613DC000FA3ADC /* Debug */,
				57087F761C613DC000FA3ADC /* Release */,
			);
			defaultConfigurationIsVisible = 0;
			defaultConfigurationName = Release;
		};
		57087F771C613DC000FA3ADC /* Build configuration list for PBXNativeTarget "KickitSpotTests" */ = {
			isa = XCConfigurationList;
			buildConfigurations = (
				57087F781C613DC000FA3ADC /* Debug */,
				57087F791C613DC000FA3ADC /* Release */,
			);
			defaultConfigurationIsVisible = 0;
			defaultConfigurationName = Release;
		};
		57087F7A1C613DC000FA3ADC /* Build configuration list for PBXNativeTarget "KickitSpotUITests" */ = {
			isa = XCConfigurationList;
			buildConfigurations = (
				57087F7B1C613DC000FA3ADC /* Debug */,
				57087F7C1C613DC000FA3ADC /* Release */,
			);
			defaultConfigurationIsVisible = 0;
			defaultConfigurationName = Release;
		};
/* End XCConfigurationList section */
	};
	rootObject = 57087F3F1C613DC000FA3ADC /* Project object */;
}
